// !$*UTF8*$!
{
	archiveVersion = 1;
	classes = {
	};
	objectVersion = 46;
	objects = {

/* Begin PBXBuildFile section */
		751C35B71D4354B500A26D45 /* AppDelegate.swift in Sources */ = {isa = PBXBuildFile; fileRef = 751C35B61D4354B500A26D45 /* AppDelegate.swift */; };
		751C35B91D4354B500A26D45 /* ViewMain.swift in Sources */ = {isa = PBXBuildFile; fileRef = 751C35B81D4354B500A26D45 /* ViewMain.swift */; };
		751C35BC1D4354B500A26D45 /* Main.storyboard in Resources */ = {isa = PBXBuildFile; fileRef = 751C35BA1D4354B500A26D45 /* Main.storyboard */; };
		751C35BE1D4354B500A26D45 /* Assets.xcassets in Resources */ = {isa = PBXBuildFile; fileRef = 751C35BD1D4354B500A26D45 /* Assets.xcassets */; };
		751C35C11D4354B500A26D45 /* LaunchScreen.storyboard in Resources */ = {isa = PBXBuildFile; fileRef = 751C35BF1D4354B500A26D45 /* LaunchScreen.storyboard */; };
		751C35CC1D4354B500A26D45 /* isdust_iosTests.swift in Sources */ = {isa = PBXBuildFile; fileRef = 751C35CB1D4354B500A26D45 /* isdust_iosTests.swift */; };
		751C35D71D4354B500A26D45 /* isdust_iosUITests.swift in Sources */ = {isa = PBXBuildFile; fileRef = 751C35D61D4354B500A26D45 /* isdust_iosUITests.swift */; };
		751C35E81D4354F600A26D45 /* Http.m in Sources */ = {isa = PBXBuildFile; fileRef = 751C35E71D4354F600A26D45 /* Http.m */; };
		751C35EB1D43551D00A26D45 /* Zhengfang.swift in Sources */ = {isa = PBXBuildFile; fileRef = 751C35EA1D43551D00A26D45 /* Zhengfang.swift */; };
		751C35EE1D44383900A26D45 /* DataType.swift in Sources */ = {isa = PBXBuildFile; fileRef = 751C35ED1D44383900A26D45 /* DataType.swift */; };
		751C35F01D4446E900A26D45 /* SchoolCard.swift in Sources */ = {isa = PBXBuildFile; fileRef = 751C35EF1D4446E900A26D45 /* SchoolCard.swift */; };
		751C36061D44534C00A26D45 /* yzm0.png in Resources */ = {isa = PBXBuildFile; fileRef = 751C35FC1D44534C00A26D45 /* yzm0.png */; };
		751C36071D44534C00A26D45 /* yzm1.png in Resources */ = {isa = PBXBuildFile; fileRef = 751C35FD1D44534C00A26D45 /* yzm1.png */; };
		751C36081D44534C00A26D45 /* yzm2.png in Resources */ = {isa = PBXBuildFile; fileRef = 751C35FE1D44534C00A26D45 /* yzm2.png */; };
		751C36091D44534C00A26D45 /* yzm3.png in Resources */ = {isa = PBXBuildFile; fileRef = 751C35FF1D44534C00A26D45 /* yzm3.png */; };
		751C360A1D44534C00A26D45 /* yzm4.png in Resources */ = {isa = PBXBuildFile; fileRef = 751C36001D44534C00A26D45 /* yzm4.png */; };
		751C360B1D44534C00A26D45 /* yzm5.png in Resources */ = {isa = PBXBuildFile; fileRef = 751C36011D44534C00A26D45 /* yzm5.png */; };
		751C360C1D44534C00A26D45 /* yzm6.png in Resources */ = {isa = PBXBuildFile; fileRef = 751C36021D44534C00A26D45 /* yzm6.png */; };
		751C360D1D44534C00A26D45 /* yzm7.png in Resources */ = {isa = PBXBuildFile; fileRef = 751C36031D44534C00A26D45 /* yzm7.png */; };
		751C360E1D44534C00A26D45 /* yzm8.png in Resources */ = {isa = PBXBuildFile; fileRef = 751C36041D44534C00A26D45 /* yzm8.png */; };
		751C360F1D44534C00A26D45 /* yzm9.png in Resources */ = {isa = PBXBuildFile; fileRef = 751C36051D44534C00A26D45 /* yzm9.png */; };
		751C36111D445FEC00A26D45 /* ImageProcess.swift in Sources */ = {isa = PBXBuildFile; fileRef = 751C36101D445FEC00A26D45 /* ImageProcess.swift */; };
		7521C52E1D4A5CFB001E0CC0 /* Library.swift in Sources */ = {isa = PBXBuildFile; fileRef = 7521C52D1D4A5CFB001E0CC0 /* Library.swift */; };
		7521C5341D4AF459001E0CC0 /* SWXMLHash.swift in Sources */ = {isa = PBXBuildFile; fileRef = 7521C5321D4AF459001E0CC0 /* SWXMLHash.swift */; };
		7521C5351D4AF459001E0CC0 /* SWXMLHash+TypeConversion.swift in Sources */ = {isa = PBXBuildFile; fileRef = 7521C5331D4AF459001E0CC0 /* SWXMLHash+TypeConversion.swift */; };
		7521C5421D4D9D34001E0CC0 /* ViewSchoolCardMain.swift in Sources */ = {isa = PBXBuildFile; fileRef = 7521C5411D4D9D34001E0CC0 /* ViewSchoolCardMain.swift */; };
		7521C5441D4DA2ED001E0CC0 /* ViewLogin.swift in Sources */ = {isa = PBXBuildFile; fileRef = 7521C5431D4DA2ED001E0CC0 /* ViewLogin.swift */; };
		754043DA1D502EC700F6B957 /* libcrypto.a in Frameworks */ = {isa = PBXBuildFile; fileRef = 754043D21D502DB800F6B957 /* libcrypto.a */; };
		754043DB1D502EC700F6B957 /* libssl.a in Frameworks */ = {isa = PBXBuildFile; fileRef = 754043D31D502DB800F6B957 /* libssl.a */; };
		75985B2D1D46784600388278 /* rsa.c in Sources */ = {isa = PBXBuildFile; fileRef = 75985B2B1D46784600388278 /* rsa.c */; };
		75F675EE1D490D58004164D0 /* EmptyClassroom.swift in Sources */ = {isa = PBXBuildFile; fileRef = 75F675ED1D490D58004164D0 /* EmptyClassroom.swift */; };
/* End PBXBuildFile section */

/* Begin PBXContainerItemProxy section */
		751C35C81D4354B500A26D45 /* PBXContainerItemProxy */ = {
			isa = PBXContainerItemProxy;
			containerPortal = 751C35AB1D4354B500A26D45 /* Project object */;
			proxyType = 1;
			remoteGlobalIDString = 751C35B21D4354B500A26D45;
			remoteInfo = isdust_ios;
		};
		751C35D31D4354B500A26D45 /* PBXContainerItemProxy */ = {
			isa = PBXContainerItemProxy;
			containerPortal = 751C35AB1D4354B500A26D45 /* Project object */;
			proxyType = 1;
			remoteGlobalIDString = 751C35B21D4354B500A26D45;
			remoteInfo = isdust_ios;
		};
/* End PBXContainerItemProxy section */

/* Begin PBXFileReference section */
		751C35B31D4354B500A26D45 /* isdust_ios.app */ = {isa = PBXFileReference; explicitFileType = wrapper.application; includeInIndex = 0; path = isdust_ios.app; sourceTree = BUILT_PRODUCTS_DIR; };
		751C35B61D4354B500A26D45 /* AppDelegate.swift */ = {isa = PBXFileReference; lastKnownFileType = sourcecode.swift; path = AppDelegate.swift; sourceTree = "<group>"; };
		751C35B81D4354B500A26D45 /* ViewMain.swift */ = {isa = PBXFileReference; lastKnownFileType = sourcecode.swift; path = ViewMain.swift; sourceTree = "<group>"; };
		751C35BB1D4354B500A26D45 /* Base */ = {isa = PBXFileReference; lastKnownFileType = file.storyboard; name = Base; path = Base.lproj/Main.storyboard; sourceTree = "<group>"; };
		751C35BD1D4354B500A26D45 /* Assets.xcassets */ = {isa = PBXFileReference; lastKnownFileType = folder.assetcatalog; path = Assets.xcassets; sourceTree = "<group>"; };
		751C35C01D4354B500A26D45 /* Base */ = {isa = PBXFileReference; lastKnownFileType = file.storyboard; name = Base; path = Base.lproj/LaunchScreen.storyboard; sourceTree = "<group>"; };
		751C35C21D4354B500A26D45 /* Info.plist */ = {isa = PBXFileReference; lastKnownFileType = text.plist.xml; path = Info.plist; sourceTree = "<group>"; };
		751C35C71D4354B500A26D45 /* isdust_iosTests.xctest */ = {isa = PBXFileReference; explicitFileType = wrapper.cfbundle; includeInIndex = 0; path = isdust_iosTests.xctest; sourceTree = BUILT_PRODUCTS_DIR; };
		751C35CB1D4354B500A26D45 /* isdust_iosTests.swift */ = {isa = PBXFileReference; lastKnownFileType = sourcecode.swift; path = isdust_iosTests.swift; sourceTree = "<group>"; };
		751C35CD1D4354B500A26D45 /* Info.plist */ = {isa = PBXFileReference; lastKnownFileType = text.plist.xml; path = Info.plist; sourceTree = "<group>"; };
		751C35D21D4354B500A26D45 /* isdust_iosUITests.xctest */ = {isa = PBXFileReference; explicitFileType = wrapper.cfbundle; includeInIndex = 0; path = isdust_iosUITests.xctest; sourceTree = BUILT_PRODUCTS_DIR; };
		751C35D61D4354B500A26D45 /* isdust_iosUITests.swift */ = {isa = PBXFileReference; lastKnownFileType = sourcecode.swift; path = isdust_iosUITests.swift; sourceTree = "<group>"; };
		751C35D81D4354B500A26D45 /* Info.plist */ = {isa = PBXFileReference; lastKnownFileType = text.plist.xml; path = Info.plist; sourceTree = "<group>"; };
		751C35E51D4354DF00A26D45 /* Http.h */ = {isa = PBXFileReference; lastKnownFileType = sourcecode.c.h; path = Http.h; sourceTree = "<group>"; };
		751C35E61D4354F500A26D45 /* isdust_ios-Bridging-Header.h */ = {isa = PBXFileReference; lastKnownFileType = sourcecode.c.h; path = "isdust_ios-Bridging-Header.h"; sourceTree = "<group>"; };
		751C35E71D4354F600A26D45 /* Http.m */ = {isa = PBXFileReference; fileEncoding = 4; lastKnownFileType = sourcecode.c.objc; path = Http.m; sourceTree = "<group>"; };
		751C35EA1D43551D00A26D45 /* Zhengfang.swift */ = {isa = PBXFileReference; fileEncoding = 4; lastKnownFileType = sourcecode.swift; path = Zhengfang.swift; sourceTree = "<group>"; };
		751C35ED1D44383900A26D45 /* DataType.swift */ = {isa = PBXFileReference; fileEncoding = 4; lastKnownFileType = sourcecode.swift; path = DataType.swift; sourceTree = "<group>"; };
		751C35EF1D4446E900A26D45 /* SchoolCard.swift */ = {isa = PBXFileReference; fileEncoding = 4; lastKnownFileType = sourcecode.swift; path = SchoolCard.swift; sourceTree = "<group>"; };
		751C35FC1D44534C00A26D45 /* yzm0.png */ = {isa = PBXFileReference; lastKnownFileType = image.png; name = yzm0.png; path = Assets.xcassets/yzm0.png; sourceTree = "<group>"; };
		751C35FD1D44534C00A26D45 /* yzm1.png */ = {isa = PBXFileReference; lastKnownFileType = image.png; name = yzm1.png; path = Assets.xcassets/yzm1.png; sourceTree = "<group>"; };
		751C35FE1D44534C00A26D45 /* yzm2.png */ = {isa = PBXFileReference; lastKnownFileType = image.png; name = yzm2.png; path = Assets.xcassets/yzm2.png; sourceTree = "<group>"; };
		751C35FF1D44534C00A26D45 /* yzm3.png */ = {isa = PBXFileReference; lastKnownFileType = image.png; name = yzm3.png; path = Assets.xcassets/yzm3.png; sourceTree = "<group>"; };
		751C36001D44534C00A26D45 /* yzm4.png */ = {isa = PBXFileReference; lastKnownFileType = image.png; name = yzm4.png; path = Assets.xcassets/yzm4.png; sourceTree = "<group>"; };
		751C36011D44534C00A26D45 /* yzm5.png */ = {isa = PBXFileReference; lastKnownFileType = image.png; name = yzm5.png; path = Assets.xcassets/yzm5.png; sourceTree = "<group>"; };
		751C36021D44534C00A26D45 /* yzm6.png */ = {isa = PBXFileReference; lastKnownFileType = image.png; name = yzm6.png; path = Assets.xcassets/yzm6.png; sourceTree = "<group>"; };
		751C36031D44534C00A26D45 /* yzm7.png */ = {isa = PBXFileReference; lastKnownFileType = image.png; name = yzm7.png; path = Assets.xcassets/yzm7.png; sourceTree = "<group>"; };
		751C36041D44534C00A26D45 /* yzm8.png */ = {isa = PBXFileReference; lastKnownFileType = image.png; name = yzm8.png; path = Assets.xcassets/yzm8.png; sourceTree = "<group>"; };
		751C36051D44534C00A26D45 /* yzm9.png */ = {isa = PBXFileReference; lastKnownFileType = image.png; name = yzm9.png; path = Assets.xcassets/yzm9.png; sourceTree = "<group>"; };
		751C36101D445FEC00A26D45 /* ImageProcess.swift */ = {isa = PBXFileReference; fileEncoding = 4; lastKnownFileType = sourcecode.swift; path = ImageProcess.swift; sourceTree = "<group>"; };
		7521C52D1D4A5CFB001E0CC0 /* Library.swift */ = {isa = PBXFileReference; fileEncoding = 4; lastKnownFileType = sourcecode.swift; path = Library.swift; sourceTree = "<group>"; };
		7521C5311D4AF459001E0CC0 /* SWXMLHash.h */ = {isa = PBXFileReference; fileEncoding = 4; lastKnownFileType = sourcecode.c.h; name = SWXMLHash.h; path = SWXMLHash/SWXMLHash.h; sourceTree = "<group>"; };
		7521C5321D4AF459001E0CC0 /* SWXMLHash.swift */ = {isa = PBXFileReference; fileEncoding = 4; lastKnownFileType = sourcecode.swift; name = SWXMLHash.swift; path = SWXMLHash/SWXMLHash.swift; sourceTree = "<group>"; };
		7521C5331D4AF459001E0CC0 /* SWXMLHash+TypeConversion.swift */ = {isa = PBXFileReference; fileEncoding = 4; lastKnownFileType = sourcecode.swift; name = "SWXMLHash+TypeConversion.swift"; path = "SWXMLHash/SWXMLHash+TypeConversion.swift"; sourceTree = "<group>"; };
		7521C53B1D4B3317001E0CC0 /* libcrypto.a */ = {isa = PBXFileReference; lastKnownFileType = archive.ar; name = libcrypto.a; path = isdust_ios/libcrypto.a; sourceTree = "<group>"; };
		7521C53D1D4B333A001E0CC0 /* libssl.a */ = {isa = PBXFileReference; lastKnownFileType = archive.ar; name = libssl.a; path = isdust_ios/libssl.a; sourceTree = "<group>"; };
		7521C5411D4D9D34001E0CC0 /* ViewSchoolCardMain.swift */ = {isa = PBXFileReference; fileEncoding = 4; lastKnownFileType = sourcecode.swift; path = ViewSchoolCardMain.swift; sourceTree = "<group>"; };
		7521C5431D4DA2ED001E0CC0 /* ViewLogin.swift */ = {isa = PBXFileReference; fileEncoding = 4; lastKnownFileType = sourcecode.swift; path = ViewLogin.swift; sourceTree = "<group>"; };
		754043D21D502DB800F6B957 /* libcrypto.a */ = {isa = PBXFileReference; lastKnownFileType = archive.ar; name = libcrypto.a; path = isdust_ios/openssl/arm/libcrypto.a; sourceTree = "<group>"; };
		754043D31D502DB800F6B957 /* libssl.a */ = {isa = PBXFileReference; lastKnownFileType = archive.ar; name = libssl.a; path = isdust_ios/openssl/arm/libssl.a; sourceTree = "<group>"; };
		75985B2B1D46784600388278 /* rsa.c */ = {isa = PBXFileReference; fileEncoding = 4; lastKnownFileType = sourcecode.c.c; path = rsa.c; sourceTree = "<group>"; };
		75985B2C1D46784600388278 /* rsa.h */ = {isa = PBXFileReference; fileEncoding = 4; lastKnownFileType = sourcecode.c.h; path = rsa.h; sourceTree = "<group>"; };
		75F675DC1D48FCB4004164D0 /* libcrypto.a */ = {isa = PBXFileReference; lastKnownFileType = archive.ar; name = libcrypto.a; path = lib/libcrypto.a; sourceTree = "<group>"; };
		75F675DE1D48FCE1004164D0 /* libssl.a */ = {isa = PBXFileReference; lastKnownFileType = archive.ar; name = libssl.a; path = lib/libssl.a; sourceTree = "<group>"; };
		75F675E01D49015F004164D0 /* libcrypto.a */ = {isa = PBXFileReference; lastKnownFileType = archive.ar; name = libcrypto.a; path = "../../OpenSSL-for-iPhone/lib/libcrypto.a"; sourceTree = "<group>"; };
		75F675E21D490173004164D0 /* libssl.a */ = {isa = PBXFileReference; lastKnownFileType = archive.ar; name = libssl.a; path = "../../OpenSSL-for-iPhone/lib/libssl.a"; sourceTree = "<group>"; };
		75F675E41D4902FC004164D0 /* libcrypto.a */ = {isa = PBXFileReference; lastKnownFileType = archive.ar; name = libcrypto.a; path = Platforms/iPhoneSimulator.platform/Developer/SDKs/iPhoneSimulator.sdk/lib/libcrypto.a; sourceTree = DEVELOPER_DIR; };
		75F675E51D4902FC004164D0 /* libssl.a */ = {isa = PBXFileReference; lastKnownFileType = archive.ar; name = libssl.a; path = Platforms/iPhoneSimulator.platform/Developer/SDKs/iPhoneSimulator.sdk/lib/libssl.a; sourceTree = DEVELOPER_DIR; };
		75F675E81D4903A4004164D0 /* libcrypto.a */ = {isa = PBXFileReference; lastKnownFileType = archive.ar; name = libcrypto.a; path = "../../OpenSSL-for-iPhone/bin/iPhoneSimulator9.3-x86_64.sdk/lib/libcrypto.a"; sourceTree = "<group>"; };
		75F675E91D4903A4004164D0 /* libssl.a */ = {isa = PBXFileReference; lastKnownFileType = archive.ar; name = libssl.a; path = "../../OpenSSL-for-iPhone/bin/iPhoneSimulator9.3-x86_64.sdk/lib/libssl.a"; sourceTree = "<group>"; };
		75F675EC1D4905F0004164D0 /* base64.h */ = {isa = PBXFileReference; fileEncoding = 4; lastKnownFileType = sourcecode.c.h; path = base64.h; sourceTree = "<group>"; };
		75F675ED1D490D58004164D0 /* EmptyClassroom.swift */ = {isa = PBXFileReference; fileEncoding = 4; lastKnownFileType = sourcecode.swift; path = EmptyClassroom.swift; sourceTree = "<group>"; };
/* End PBXFileReference section */

/* Begin PBXFrameworksBuildPhase section */
		751C35B01D4354B500A26D45 /* Frameworks */ = {
			isa = PBXFrameworksBuildPhase;
			buildActionMask = 2147483647;
			files = (
				754043DA1D502EC700F6B957 /* libcrypto.a in Frameworks */,
				754043DB1D502EC700F6B957 /* libssl.a in Frameworks */,
			);
			runOnlyForDeploymentPostprocessing = 0;
		};
		751C35C41D4354B500A26D45 /* Frameworks */ = {
			isa = PBXFrameworksBuildPhase;
			buildActionMask = 2147483647;
			files = (
			);
			runOnlyForDeploymentPostprocessing = 0;
		};
		751C35CF1D4354B500A26D45 /* Frameworks */ = {
			isa = PBXFrameworksBuildPhase;
			buildActionMask = 2147483647;
			files = (
			);
			runOnlyForDeploymentPostprocessing = 0;
		};
/* End PBXFrameworksBuildPhase section */

/* Begin PBXGroup section */
		751C35AA1D4354B500A26D45 = {
			isa = PBXGroup;
			children = (
				751C35B51D4354B500A26D45 /* isdust_ios */,
				751C35CA1D4354B500A26D45 /* isdust_iosTests */,
				751C35D51D4354B500A26D45 /* isdust_iosUITests */,
				751C35B41D4354B500A26D45 /* Products */,
				75F675DB1D48FCB4004164D0 /* Frameworks */,
			);
			sourceTree = "<group>";
		};
		751C35B41D4354B500A26D45 /* Products */ = {
			isa = PBXGroup;
			children = (
				751C35B31D4354B500A26D45 /* isdust_ios.app */,
				751C35C71D4354B500A26D45 /* isdust_iosTests.xctest */,
				751C35D21D4354B500A26D45 /* isdust_iosUITests.xctest */,
			);
			name = Products;
			sourceTree = "<group>";
		};
		751C35B51D4354B500A26D45 /* isdust_ios */ = {
			isa = PBXGroup;
			children = (
				7521C5381D4B321C001E0CC0 /* Controller */,
				7521C5371D4B31F5001E0CC0 /* View */,
				751C35F41D444FD700A26D45 /* Resource */,
				751C35E41D4354D000A26D45 /* System */,
				751C35B61D4354B500A26D45 /* AppDelegate.swift */,
				751C35BD1D4354B500A26D45 /* Assets.xcassets */,
				751C35BF1D4354B500A26D45 /* LaunchScreen.storyboard */,
				751C35C21D4354B500A26D45 /* Info.plist */,
			);
			path = isdust_ios;
			sourceTree = "<group>";
		};
		751C35CA1D4354B500A26D45 /* isdust_iosTests */ = {
			isa = PBXGroup;
			children = (
				751C35CB1D4354B500A26D45 /* isdust_iosTests.swift */,
				751C35CD1D4354B500A26D45 /* Info.plist */,
			);
			path = isdust_iosTests;
			sourceTree = "<group>";
		};
		751C35D51D4354B500A26D45 /* isdust_iosUITests */ = {
			isa = PBXGroup;
			children = (
				751C35D61D4354B500A26D45 /* isdust_iosUITests.swift */,
				751C35D81D4354B500A26D45 /* Info.plist */,
			);
			path = isdust_iosUITests;
			sourceTree = "<group>";
		};
		751C35E41D4354D000A26D45 /* System */ = {
			isa = PBXGroup;
			children = (
				7521C52F1D4AF444001E0CC0 /* Library */,
				751C35EC1D44382500A26D45 /* Data */,
				751C35E91D43551000A26D45 /* Module */,
			);
			name = System;
			sourceTree = "<group>";
		};
		751C35E91D43551000A26D45 /* Module */ = {
			isa = PBXGroup;
			children = (
				751C35E51D4354DF00A26D45 /* Http.h */,
				751C35E71D4354F600A26D45 /* Http.m */,
				75F675EC1D4905F0004164D0 /* base64.h */,
				751C35E61D4354F500A26D45 /* isdust_ios-Bridging-Header.h */,
				75985B2B1D46784600388278 /* rsa.c */,
				75985B2C1D46784600388278 /* rsa.h */,
				751C35EA1D43551D00A26D45 /* Zhengfang.swift */,
				751C35EF1D4446E900A26D45 /* SchoolCard.swift */,
				751C36101D445FEC00A26D45 /* ImageProcess.swift */,
				75F675ED1D490D58004164D0 /* EmptyClassroom.swift */,
				7521C52D1D4A5CFB001E0CC0 /* Library.swift */,
			);
			name = Module;
			sourceTree = "<group>";
		};
		751C35EC1D44382500A26D45 /* Data */ = {
			isa = PBXGroup;
			children = (
				751C35ED1D44383900A26D45 /* DataType.swift */,
			);
			name = Data;
			sourceTree = "<group>";
		};
		751C35F41D444FD700A26D45 /* Resource */ = {
			isa = PBXGroup;
			children = (
				751C35FB1D44533E00A26D45 /* yzm */,
			);
			name = Resource;
			sourceTree = "<group>";
		};
		751C35FB1D44533E00A26D45 /* yzm */ = {
			isa = PBXGroup;
			children = (
				751C35FC1D44534C00A26D45 /* yzm0.png */,
				751C35FD1D44534C00A26D45 /* yzm1.png */,
				751C35FE1D44534C00A26D45 /* yzm2.png */,
				751C35FF1D44534C00A26D45 /* yzm3.png */,
				751C36001D44534C00A26D45 /* yzm4.png */,
				751C36011D44534C00A26D45 /* yzm5.png */,
				751C36021D44534C00A26D45 /* yzm6.png */,
				751C36031D44534C00A26D45 /* yzm7.png */,
				751C36041D44534C00A26D45 /* yzm8.png */,
				751C36051D44534C00A26D45 /* yzm9.png */,
			);
			name = yzm;
			sourceTree = "<group>";
		};
		7521C52F1D4AF444001E0CC0 /* Library */ = {
			isa = PBXGroup;
			children = (
				7521C5301D4AF44D001E0CC0 /* SWXMLHash */,
			);
			name = Library;
			sourceTree = "<group>";
		};
		7521C5301D4AF44D001E0CC0 /* SWXMLHash */ = {
			isa = PBXGroup;
			children = (
				7521C5311D4AF459001E0CC0 /* SWXMLHash.h */,
				7521C5321D4AF459001E0CC0 /* SWXMLHash.swift */,
				7521C5331D4AF459001E0CC0 /* SWXMLHash+TypeConversion.swift */,
			);
			name = SWXMLHash;
			sourceTree = "<group>";
		};
		7521C5371D4B31F5001E0CC0 /* View */ = {
			isa = PBXGroup;
			children = (
				751C35BA1D4354B500A26D45 /* Main.storyboard */,
			);
			name = View;
			sourceTree = "<group>";
		};
		7521C5381D4B321C001E0CC0 /* Controller */ = {
			isa = PBXGroup;
			children = (
				751C35B81D4354B500A26D45 /* ViewMain.swift */,
				7521C5411D4D9D34001E0CC0 /* ViewSchoolCardMain.swift */,
				7521C5431D4DA2ED001E0CC0 /* ViewLogin.swift */,
			);
			name = Controller;
			sourceTree = "<group>";
		};
		75F675DB1D48FCB4004164D0 /* Frameworks */ = {
			isa = PBXGroup;
			children = (
				754043D21D502DB800F6B957 /* libcrypto.a */,
				754043D31D502DB800F6B957 /* libssl.a */,
				7521C53D1D4B333A001E0CC0 /* libssl.a */,
				7521C53B1D4B3317001E0CC0 /* libcrypto.a */,
				75F675E81D4903A4004164D0 /* libcrypto.a */,
				75F675E91D4903A4004164D0 /* libssl.a */,
				75F675E41D4902FC004164D0 /* libcrypto.a */,
				75F675E51D4902FC004164D0 /* libssl.a */,
				75F675E21D490173004164D0 /* libssl.a */,
				75F675E01D49015F004164D0 /* libcrypto.a */,
				75F675DE1D48FCE1004164D0 /* libssl.a */,
				75F675DC1D48FCB4004164D0 /* libcrypto.a */,
			);
			name = Frameworks;
			sourceTree = "<group>";
		};
/* End PBXGroup section */

/* Begin PBXNativeTarget section */
		751C35B21D4354B500A26D45 /* isdust_ios */ = {
			isa = PBXNativeTarget;
			buildConfigurationList = 751C35DB1D4354B500A26D45 /* Build configuration list for PBXNativeTarget "isdust_ios" */;
			buildPhases = (
				751C35AF1D4354B500A26D45 /* Sources */,
				751C35B01D4354B500A26D45 /* Frameworks */,
				751C35B11D4354B500A26D45 /* Resources */,
			);
			buildRules = (
			);
			dependencies = (
			);
			name = isdust_ios;
			productName = isdust_ios;
			productReference = 751C35B31D4354B500A26D45 /* isdust_ios.app */;
			productType = "com.apple.product-type.application";
		};
		751C35C61D4354B500A26D45 /* isdust_iosTests */ = {
			isa = PBXNativeTarget;
			buildConfigurationList = 751C35DE1D4354B500A26D45 /* Build configuration list for PBXNativeTarget "isdust_iosTests" */;
			buildPhases = (
				751C35C31D4354B500A26D45 /* Sources */,
				751C35C41D4354B500A26D45 /* Frameworks */,
				751C35C51D4354B500A26D45 /* Resources */,
			);
			buildRules = (
			);
			dependencies = (
				751C35C91D4354B500A26D45 /* PBXTargetDependency */,
			);
			name = isdust_iosTests;
			productName = isdust_iosTests;
			productReference = 751C35C71D4354B500A26D45 /* isdust_iosTests.xctest */;
			productType = "com.apple.product-type.bundle.unit-test";
		};
		751C35D11D4354B500A26D45 /* isdust_iosUITests */ = {
			isa = PBXNativeTarget;
			buildConfigurationList = 751C35E11D4354B500A26D45 /* Build configuration list for PBXNativeTarget "isdust_iosUITests" */;
			buildPhases = (
				751C35CE1D4354B500A26D45 /* Sources */,
				751C35CF1D4354B500A26D45 /* Frameworks */,
				751C35D01D4354B500A26D45 /* Resources */,
			);
			buildRules = (
			);
			dependencies = (
				751C35D41D4354B500A26D45 /* PBXTargetDependency */,
			);
			name = isdust_iosUITests;
			productName = isdust_iosUITests;
			productReference = 751C35D21D4354B500A26D45 /* isdust_iosUITests.xctest */;
			productType = "com.apple.product-type.bundle.ui-testing";
		};
/* End PBXNativeTarget section */

/* Begin PBXProject section */
		751C35AB1D4354B500A26D45 /* Project object */ = {
			isa = PBXProject;
			attributes = {
				LastSwiftUpdateCheck = 0730;
				LastUpgradeCheck = 0730;
				ORGANIZATIONNAME = isdust;
				TargetAttributes = {
					751C35B21D4354B500A26D45 = {
						CreatedOnToolsVersion = 7.3.1;
						DevelopmentTeam = 26E6MT4ZVS;
						LastSwiftMigration = 0800;
					};
					751C35C61D4354B500A26D45 = {
						CreatedOnToolsVersion = 7.3.1;
						DevelopmentTeam = 26E6MT4ZVS;
						LastSwiftMigration = 0800;
						TestTargetID = 751C35B21D4354B500A26D45;
					};
					751C35D11D4354B500A26D45 = {
						CreatedOnToolsVersion = 7.3.1;
						DevelopmentTeam = 26E6MT4ZVS;
						LastSwiftMigration = 0800;
						TestTargetID = 751C35B21D4354B500A26D45;
					};
				};
			};
			buildConfigurationList = 751C35AE1D4354B500A26D45 /* Build configuration list for PBXProject "isdust_ios" */;
			compatibilityVersion = "Xcode 3.2";
			developmentRegion = English;
			hasScannedForEncodings = 0;
			knownRegions = (
				en,
				Base,
			);
			mainGroup = 751C35AA1D4354B500A26D45;
			productRefGroup = 751C35B41D4354B500A26D45 /* Products */;
			projectDirPath = "";
			projectRoot = "";
			targets = (
				751C35B21D4354B500A26D45 /* isdust_ios */,
				751C35C61D4354B500A26D45 /* isdust_iosTests */,
				751C35D11D4354B500A26D45 /* isdust_iosUITests */,
			);
		};
/* End PBXProject section */

/* Begin PBXResourcesBuildPhase section */
		751C35B11D4354B500A26D45 /* Resources */ = {
			isa = PBXResourcesBuildPhase;
			buildActionMask = 2147483647;
			files = (
				751C35C11D4354B500A26D45 /* LaunchScreen.storyboard in Resources */,
				751C360C1D44534C00A26D45 /* yzm6.png in Resources */,
				751C36091D44534C00A26D45 /* yzm3.png in Resources */,
				751C360D1D44534C00A26D45 /* yzm7.png in Resources */,
				751C360B1D44534C00A26D45 /* yzm5.png in Resources */,
				751C360F1D44534C00A26D45 /* yzm9.png in Resources */,
				751C36071D44534C00A26D45 /* yzm1.png in Resources */,
				751C35BE1D4354B500A26D45 /* Assets.xcassets in Resources */,
				751C35BC1D4354B500A26D45 /* Main.storyboard in Resources */,
				751C36061D44534C00A26D45 /* yzm0.png in Resources */,
				751C36081D44534C00A26D45 /* yzm2.png in Resources */,
				751C360A1D44534C00A26D45 /* yzm4.png in Resources */,
				751C360E1D44534C00A26D45 /* yzm8.png in Resources */,
			);
			runOnlyForDeploymentPostprocessing = 0;
		};
		751C35C51D4354B500A26D45 /* Resources */ = {
			isa = PBXResourcesBuildPhase;
			buildActionMask = 2147483647;
			files = (
			);
			runOnlyForDeploymentPostprocessing = 0;
		};
		751C35D01D4354B500A26D45 /* Resources */ = {
			isa = PBXResourcesBuildPhase;
			buildActionMask = 2147483647;
			files = (
			);
			runOnlyForDeploymentPostprocessing = 0;
		};
/* End PBXResourcesBuildPhase section */

/* Begin PBXSourcesBuildPhase section */
		751C35AF1D4354B500A26D45 /* Sources */ = {
			isa = PBXSourcesBuildPhase;
			buildActionMask = 2147483647;
			files = (
				751C35B91D4354B500A26D45 /* ViewMain.swift in Sources */,
				751C35F01D4446E900A26D45 /* SchoolCard.swift in Sources */,
				7521C5341D4AF459001E0CC0 /* SWXMLHash.swift in Sources */,
				7521C5421D4D9D34001E0CC0 /* ViewSchoolCardMain.swift in Sources */,
				751C36111D445FEC00A26D45 /* ImageProcess.swift in Sources */,
				75F675EE1D490D58004164D0 /* EmptyClassroom.swift in Sources */,
				751C35EE1D44383900A26D45 /* DataType.swift in Sources */,
				75985B2D1D46784600388278 /* rsa.c in Sources */,
				7521C5441D4DA2ED001E0CC0 /* ViewLogin.swift in Sources */,
				7521C5351D4AF459001E0CC0 /* SWXMLHash+TypeConversion.swift in Sources */,
				751C35B71D4354B500A26D45 /* AppDelegate.swift in Sources */,
				7521C52E1D4A5CFB001E0CC0 /* Library.swift in Sources */,
				751C35EB1D43551D00A26D45 /* Zhengfang.swift in Sources */,
				751C35E81D4354F600A26D45 /* Http.m in Sources */,
			);
			runOnlyForDeploymentPostprocessing = 0;
		};
		751C35C31D4354B500A26D45 /* Sources */ = {
			isa = PBXSourcesBuildPhase;
			buildActionMask = 2147483647;
			files = (
				751C35CC1D4354B500A26D45 /* isdust_iosTests.swift in Sources */,
			);
			runOnlyForDeploymentPostprocessing = 0;
		};
		751C35CE1D4354B500A26D45 /* Sources */ = {
			isa = PBXSourcesBuildPhase;
			buildActionMask = 2147483647;
			files = (
				751C35D71D4354B500A26D45 /* isdust_iosUITests.swift in Sources */,
			);
			runOnlyForDeploymentPostprocessing = 0;
		};
/* End PBXSourcesBuildPhase section */

/* Begin PBXTargetDependency section */
		751C35C91D4354B500A26D45 /* PBXTargetDependency */ = {
			isa = PBXTargetDependency;
			target = 751C35B21D4354B500A26D45 /* isdust_ios */;
			targetProxy = 751C35C81D4354B500A26D45 /* PBXContainerItemProxy */;
		};
		751C35D41D4354B500A26D45 /* PBXTargetDependency */ = {
			isa = PBXTargetDependency;
			target = 751C35B21D4354B500A26D45 /* isdust_ios */;
			targetProxy = 751C35D31D4354B500A26D45 /* PBXContainerItemProxy */;
		};
/* End PBXTargetDependency section */

/* Begin PBXVariantGroup section */
		751C35BA1D4354B500A26D45 /* Main.storyboard */ = {
			isa = PBXVariantGroup;
			children = (
				751C35BB1D4354B500A26D45 /* Base */,
			);
			name = Main.storyboard;
			sourceTree = "<group>";
		};
		751C35BF1D4354B500A26D45 /* LaunchScreen.storyboard */ = {
			isa = PBXVariantGroup;
			children = (
				751C35C01D4354B500A26D45 /* Base */,
			);
			name = LaunchScreen.storyboard;
			sourceTree = "<group>";
		};
/* End PBXVariantGroup section */

/* Begin XCBuildConfiguration section */
		751C35D91D4354B500A26D45 /* Debug */ = {
			isa = XCBuildConfiguration;
			buildSettings = {
				ALWAYS_SEARCH_USER_PATHS = NO;
				CLANG_ANALYZER_NONNULL = YES;
				CLANG_CXX_LANGUAGE_STANDARD = "gnu++0x";
				CLANG_CXX_LIBRARY = "libc++";
				CLANG_ENABLE_MODULES = YES;
				CLANG_ENABLE_OBJC_ARC = YES;
				CLANG_WARN_BOOL_CONVERSION = YES;
				CLANG_WARN_CONSTANT_CONVERSION = YES;
				CLANG_WARN_DIRECT_OBJC_ISA_USAGE = YES_ERROR;
				CLANG_WARN_EMPTY_BODY = YES;
				CLANG_WARN_ENUM_CONVERSION = YES;
				CLANG_WARN_INT_CONVERSION = YES;
				CLANG_WARN_OBJC_ROOT_CLASS = YES_ERROR;
				CLANG_WARN_UNREACHABLE_CODE = YES;
				CLANG_WARN__DUPLICATE_METHOD_MATCH = YES;
				"CODE_SIGN_IDENTITY[sdk=iphoneos*]" = "iPhone Developer";
				COPY_PHASE_STRIP = NO;
				DEBUG_INFORMATION_FORMAT = dwarf;
				ENABLE_STRICT_OBJC_MSGSEND = YES;
				ENABLE_TESTABILITY = YES;
				GCC_C_LANGUAGE_STANDARD = gnu99;
				GCC_DYNAMIC_NO_PIC = NO;
				GCC_NO_COMMON_BLOCKS = YES;
				GCC_OPTIMIZATION_LEVEL = 0;
				GCC_PREPROCESSOR_DEFINITIONS = (
					"DEBUG=1",
					"$(inherited)",
				);
				GCC_WARN_64_TO_32_BIT_CONVERSION = YES;
				GCC_WARN_ABOUT_RETURN_TYPE = YES_ERROR;
				GCC_WARN_UNDECLARED_SELECTOR = YES;
				GCC_WARN_UNINITIALIZED_AUTOS = YES_AGGRESSIVE;
				GCC_WARN_UNUSED_FUNCTION = YES;
				GCC_WARN_UNUSED_VARIABLE = YES;
				IPHONEOS_DEPLOYMENT_TARGET = 10.0;
				MTL_ENABLE_DEBUG_INFO = YES;
				ONLY_ACTIVE_ARCH = YES;
				SDKROOT = iphoneos;
				SWIFT_OPTIMIZATION_LEVEL = "-Onone";
			};
			name = Debug;
		};
		751C35DA1D4354B500A26D45 /* Release */ = {
			isa = XCBuildConfiguration;
			buildSettings = {
				ALWAYS_SEARCH_USER_PATHS = NO;
				CLANG_ANALYZER_NONNULL = YES;
				CLANG_CXX_LANGUAGE_STANDARD = "gnu++0x";
				CLANG_CXX_LIBRARY = "libc++";
				CLANG_ENABLE_MODULES = YES;
				CLANG_ENABLE_OBJC_ARC = YES;
				CLANG_WARN_BOOL_CONVERSION = YES;
				CLANG_WARN_CONSTANT_CONVERSION = YES;
				CLANG_WARN_DIRECT_OBJC_ISA_USAGE = YES_ERROR;
				CLANG_WARN_EMPTY_BODY = YES;
				CLANG_WARN_ENUM_CONVERSION = YES;
				CLANG_WARN_INT_CONVERSION = YES;
				CLANG_WARN_OBJC_ROOT_CLASS = YES_ERROR;
				CLANG_WARN_UNREACHABLE_CODE = YES;
				CLANG_WARN__DUPLICATE_METHOD_MATCH = YES;
				"CODE_SIGN_IDENTITY[sdk=iphoneos*]" = "iPhone Developer";
				COPY_PHASE_STRIP = NO;
				DEBUG_INFORMATION_FORMAT = "dwarf-with-dsym";
				ENABLE_NS_ASSERTIONS = NO;
				ENABLE_STRICT_OBJC_MSGSEND = YES;
				GCC_C_LANGUAGE_STANDARD = gnu99;
				GCC_NO_COMMON_BLOCKS = YES;
				GCC_WARN_64_TO_32_BIT_CONVERSION = YES;
				GCC_WARN_ABOUT_RETURN_TYPE = YES_ERROR;
				GCC_WARN_UNDECLARED_SELECTOR = YES;
				GCC_WARN_UNINITIALIZED_AUTOS = YES_AGGRESSIVE;
				GCC_WARN_UNUSED_FUNCTION = YES;
				GCC_WARN_UNUSED_VARIABLE = YES;
				IPHONEOS_DEPLOYMENT_TARGET = 10.0;
				MTL_ENABLE_DEBUG_INFO = NO;
				ONLY_ACTIVE_ARCH = NO;
				SDKROOT = iphoneos;
				VALIDATE_PRODUCT = YES;
			};
			name = Release;
		};
		751C35DC1D4354B500A26D45 /* Debug */ = {
			isa = XCBuildConfiguration;
			buildSettings = {
				ALWAYS_SEARCH_USER_PATHS = YES;
				ASSETCATALOG_COMPILER_APPICON_NAME = AppIcon;
				CLANG_ENABLE_MODULES = YES;
				ENABLE_BITCODE = NO;
				"HEADER_SEARCH_PATHS[arch=*]" = "/Applications/Xcode-beta.app/Contents/Developer/Platforms/iPhoneSimulator.platform/Developer/SDKs/iPhoneSimulator.sdk/include";
				INFOPLIST_FILE = isdust_ios/Info.plist;
				IPHONEOS_DEPLOYMENT_TARGET = 10.0;
				LD_RUNPATH_SEARCH_PATHS = "$(inherited) @executable_path/Frameworks";
				LIBRARY_SEARCH_PATHS = (
					"$(inherited)",
					"$(PROJECT_DIR)/lib",
					"$(PROJECT_DIR)/isdust_ios",
					"$(PROJECT_DIR)/isdust_ios/openssl/arm",
				);
				PRODUCT_BUNDLE_IDENTIFIER = "com.isdust-ios";
				PRODUCT_NAME = "$(TARGET_NAME)";
				SWIFT_OBJC_BRIDGING_HEADER = "isdust_ios/isdust_ios-Bridging-Header.h";
				SWIFT_OPTIMIZATION_LEVEL = "-Onone";
				SWIFT_VERSION = 3.0;
			};
			name = Debug;
		};
		751C35DD1D4354B500A26D45 /* Release */ = {
			isa = XCBuildConfiguration;
			buildSettings = {
				ALWAYS_SEARCH_USER_PATHS = YES;
				ASSETCATALOG_COMPILER_APPICON_NAME = AppIcon;
				CLANG_ENABLE_MODULES = YES;
				ENABLE_BITCODE = NO;
				INFOPLIST_FILE = isdust_ios/Info.plist;
				IPHONEOS_DEPLOYMENT_TARGET = 10.0;
				LD_RUNPATH_SEARCH_PATHS = "$(inherited) @executable_path/Frameworks";
				LIBRARY_SEARCH_PATHS = (
					"$(inherited)",
					"$(PROJECT_DIR)/lib",
					"$(PROJECT_DIR)/isdust_ios",
					"$(PROJECT_DIR)/isdust_ios/openssl/arm",
				);
				PRODUCT_BUNDLE_IDENTIFIER = "com.isdust-ios";
				PRODUCT_NAME = "$(TARGET_NAME)";
				SWIFT_OBJC_BRIDGING_HEADER = "isdust_ios/isdust_ios-Bridging-Header.h";
				SWIFT_VERSION = 3.0;
			};
			name = Release;
		};
		751C35DF1D4354B500A26D45 /* Debug */ = {
			isa = XCBuildConfiguration;
			buildSettings = {
				BUNDLE_LOADER = "$(TEST_HOST)";
				INFOPLIST_FILE = isdust_iosTests/Info.plist;
				LD_RUNPATH_SEARCH_PATHS = "$(inherited) @executable_path/Frameworks @loader_path/Frameworks";
				PRODUCT_BUNDLE_IDENTIFIER = "com.isdust-iosTests";
				PRODUCT_NAME = "$(TARGET_NAME)";
				SWIFT_VERSION = 3.0;
				TEST_HOST = "$(BUILT_PRODUCTS_DIR)/isdust_ios.app/isdust_ios";
			};
			name = Debug;
		};
		751C35E01D4354B500A26D45 /* Release */ = {
			isa = XCBuildConfiguration;
			buildSettings = {
				BUNDLE_LOADER = "$(TEST_HOST)";
				INFOPLIST_FILE = isdust_iosTests/Info.plist;
				LD_RUNPATH_SEARCH_PATHS = "$(inherited) @executable_path/Frameworks @loader_path/Frameworks";
				PRODUCT_BUNDLE_IDENTIFIER = "com.isdust-iosTests";
				PRODUCT_NAME = "$(TARGET_NAME)";
				SWIFT_VERSION = 3.0;
				TEST_HOST = "$(BUILT_PRODUCTS_DIR)/isdust_ios.app/isdust_ios";
			};
			name = Release;
		};
		751C35E21D4354B500A26D45 /* Debug */ = {
			isa = XCBuildConfiguration;
			buildSettings = {
				INFOPLIST_FILE = isdust_iosUITests/Info.plist;
				LD_RUNPATH_SEARCH_PATHS = "$(inherited) @executable_path/Frameworks @loader_path/Frameworks";
				PRODUCT_BUNDLE_IDENTIFIER = "com.isdust-iosUITests";
				PRODUCT_NAME = "$(TARGET_NAME)";
				SWIFT_VERSION = 3.0;
				TEST_TARGET_NAME = isdust_ios;
			};
			name = Debug;
		};
		751C35E31D4354B500A26D45 /* Release */ = {
			isa = XCBuildConfiguration;
			buildSettings = {
				INFOPLIST_FILE = isdust_iosUITests/Info.plist;
				LD_RUNPATH_SEARCH_PATHS = "$(inherited) @executable_path/Frameworks @loader_path/Frameworks";
				PRODUCT_BUNDLE_IDENTIFIER = "com.isdust-iosUITests";
				PRODUCT_NAME = "$(TARGET_NAME)";
				SWIFT_VERSION = 3.0;
				TEST_TARGET_NAME = isdust_ios;
			};
			name = Release;
		};
/* End XCBuildConfiguration section */

/* Begin XCConfigurationList section */
		751C35AE1D4354B500A26D45 /* Build configuration list for PBXProject "isdust_ios" */ = {
			isa = XCConfigurationList;
			buildConfigurations = (
				751C35D91D4354B500A26D45 /* Debug */,
				751C35DA1D4354B500A26D45 /* Release */,
			);
			defaultConfigurationIsVisible = 0;
			defaultConfigurationName = Release;
		};
		751C35DB1D4354B500A26D45 /* Build configuration list for PBXNativeTarget "isdust_ios" */ = {
			isa = XCConfigurationList;
			buildConfigurations = (
				751C35DC1D4354B500A26D45 /* Debug */,
				751C35DD1D4354B500A26D45 /* Release */,
			);
			defaultConfigurationIsVisible = 0;
			defaultConfigurationName = Release;
		};
		751C35DE1D4354B500A26D45 /* Build configuration list for PBXNativeTarget "isdust_iosTests" */ = {
			isa = XCConfigurationList;
			buildConfigurations = (
				751C35DF1D4354B500A26D45 /* Debug */,
				751C35E01D4354B500A26D45 /* Release */,
			);
			defaultConfigurationIsVisible = 0;
			defaultConfigurationName = Release;
		};
		751C35E11D4354B500A26D45 /* Build configuration list for PBXNativeTarget "isdust_iosUITests" */ = {
			isa = XCConfigurationList;
			buildConfigurations = (
				751C35E21D4354B500A26D45 /* Debug */,
				751C35E31D4354B500A26D45 /* Release */,
			);
			defaultConfigurationIsVisible = 0;
			defaultConfigurationName = Release;
		};
/* End XCConfigurationList section */
	};
	rootObject = 751C35AB1D4354B500A26D45 /* Project object */;
}
