// !$*UTF8*$!
{
	archiveVersion = 1;
	classes = {
	};
	objectVersion = 46;
	objects = {

/* Begin PBXBuildFile section */
		750829841D7033B700E05C80 /* ViewControllerCourseEdit.swift in Sources */ = {isa = PBXBuildFile; fileRef = 750829831D7033B700E05C80 /* ViewControllerCourseEdit.swift */; };
		750829861D70A5EF00E05C80 /* ViewCourseEditJieci.swift in Sources */ = {isa = PBXBuildFile; fileRef = 750829851D70A5EF00E05C80 /* ViewCourseEditJieci.swift */; };
		750A197B1D6955D9006E619E /* TableViewCellBorrowedBook.swift in Sources */ = {isa = PBXBuildFile; fileRef = 750A197A1D6955D9006E619E /* TableViewCellBorrowedBook.swift */; };
		750A197D1D6ABFAA006E619E /* ViewControllerEducationSchedule.swift in Sources */ = {isa = PBXBuildFile; fileRef = 750A197C1D6ABFAA006E619E /* ViewControllerEducationSchedule.swift */; };
		7512AC401D7CECE900683233 /* ViewWeb.swift in Sources */ = {isa = PBXBuildFile; fileRef = 7512AC3F1D7CECE900683233 /* ViewWeb.swift */; };
		7512AC491D7D7B8900683233 /* ViewSchoolLife.swift in Sources */ = {isa = PBXBuildFile; fileRef = 7512AC481D7D7B8900683233 /* ViewSchoolLife.swift */; };
		7512AC511D7EA1EF00683233 /* Base.swift in Sources */ = {isa = PBXBuildFile; fileRef = 7512AC501D7EA1EF00683233 /* Base.swift */; };
		751C35B71D4354B500A26D45 /* AppDelegate.swift in Sources */ = {isa = PBXBuildFile; fileRef = 751C35B61D4354B500A26D45 /* AppDelegate.swift */; };
		751C35B91D4354B500A26D45 /* ViewMain.swift in Sources */ = {isa = PBXBuildFile; fileRef = 751C35B81D4354B500A26D45 /* ViewMain.swift */; };
		751C35BC1D4354B500A26D45 /* Main.storyboard in Resources */ = {isa = PBXBuildFile; fileRef = 751C35BA1D4354B500A26D45 /* Main.storyboard */; };
		751C35BE1D4354B500A26D45 /* Assets.xcassets in Resources */ = {isa = PBXBuildFile; fileRef = 751C35BD1D4354B500A26D45 /* Assets.xcassets */; };
		751C35C11D4354B500A26D45 /* LaunchScreen.storyboard in Resources */ = {isa = PBXBuildFile; fileRef = 751C35BF1D4354B500A26D45 /* LaunchScreen.storyboard */; };
		751C35CC1D4354B500A26D45 /* isdust_iosTests.swift in Sources */ = {isa = PBXBuildFile; fileRef = 751C35CB1D4354B500A26D45 /* isdust_iosTests.swift */; };
		751C35D71D4354B500A26D45 /* isdust_iosUITests.swift in Sources */ = {isa = PBXBuildFile; fileRef = 751C35D61D4354B500A26D45 /* isdust_iosUITests.swift */; };
		751C35E81D4354F600A26D45 /* Http.m in Sources */ = {isa = PBXBuildFile; fileRef = 751C35E71D4354F600A26D45 /* Http.m */; };
		751C35EB1D43551D00A26D45 /* Zhengfang.swift in Sources */ = {isa = PBXBuildFile; fileRef = 751C35EA1D43551D00A26D45 /* Zhengfang.swift */; };
		751C35EE1D44383900A26D45 /* DataType.swift in Sources */ = {isa = PBXBuildFile; fileRef = 751C35ED1D44383900A26D45 /* DataType.swift */; };
		751C35F01D4446E900A26D45 /* SchoolCard.swift in Sources */ = {isa = PBXBuildFile; fileRef = 751C35EF1D4446E900A26D45 /* SchoolCard.swift */; };
		751C36111D445FEC00A26D45 /* ImageProcess.swift in Sources */ = {isa = PBXBuildFile; fileRef = 751C36101D445FEC00A26D45 /* ImageProcess.swift */; };
		7521C52E1D4A5CFB001E0CC0 /* Library.swift in Sources */ = {isa = PBXBuildFile; fileRef = 7521C52D1D4A5CFB001E0CC0 /* Library.swift */; };
		7521C5341D4AF459001E0CC0 /* SWXMLHash.swift in Sources */ = {isa = PBXBuildFile; fileRef = 7521C5321D4AF459001E0CC0 /* SWXMLHash.swift */; };
		7521C5351D4AF459001E0CC0 /* SWXMLHash+TypeConversion.swift in Sources */ = {isa = PBXBuildFile; fileRef = 7521C5331D4AF459001E0CC0 /* SWXMLHash+TypeConversion.swift */; };
		7521C5421D4D9D34001E0CC0 /* ViewSchoolCardMain.swift in Sources */ = {isa = PBXBuildFile; fileRef = 7521C5411D4D9D34001E0CC0 /* ViewSchoolCardMain.swift */; };
		7521C5441D4DA2ED001E0CC0 /* ViewLogin.swift in Sources */ = {isa = PBXBuildFile; fileRef = 7521C5431D4DA2ED001E0CC0 /* ViewLogin.swift */; };
		752404DB1D80622500EAC659 /* ModuleCard.swift in Sources */ = {isa = PBXBuildFile; fileRef = 752404DA1D80622500EAC659 /* ModuleCard.swift */; };
		753B87A81D684BAD00A0218C /* TableViewCellLibrarySearch.swift in Sources */ = {isa = PBXBuildFile; fileRef = 753B87A71D684BAD00A0218C /* TableViewCellLibrarySearch.swift */; };
		753B87AA1D684D2B00A0218C /* TableViewControllerLibrarySearchResult.swift in Sources */ = {isa = PBXBuildFile; fileRef = 753B87A91D684D2B00A0218C /* TableViewControllerLibrarySearchResult.swift */; };
		753B87AC1D6856F000A0218C /* TableViewCellStorageSearch.swift in Sources */ = {isa = PBXBuildFile; fileRef = 753B87AB1D6856F000A0218C /* TableViewCellStorageSearch.swift */; };
		753B87B01D68593400A0218C /* TableViewControllerSrorageSearchResult.swift in Sources */ = {isa = PBXBuildFile; fileRef = 753B87AF1D68593400A0218C /* TableViewControllerSrorageSearchResult.swift */; };
		753B87B81D694B5C00A0218C /* ViewControllerLibraryPersonal.swift in Sources */ = {isa = PBXBuildFile; fileRef = 753B87B71D694B5C00A0218C /* ViewControllerLibraryPersonal.swift */; };
		753D62F61D75E43000253990 /* Http.swift in Sources */ = {isa = PBXBuildFile; fileRef = 753D62F51D75E43000253990 /* Http.swift */; };
		754043DD1D50706D00F6B957 /* ViewSchoolCardChangePass.swift in Sources */ = {isa = PBXBuildFile; fileRef = 754043DC1D50706D00F6B957 /* ViewSchoolCardChangePass.swift */; };
		7544D4661D55E46D00642A2E /* ViewNetwork.swift in Sources */ = {isa = PBXBuildFile; fileRef = 7544D4651D55E46D00642A2E /* ViewNetwork.swift */; };
		7544D4681D56388200642A2E /* ViewSchoolCardReportLoss.swift in Sources */ = {isa = PBXBuildFile; fileRef = 7544D4671D56388200642A2E /* ViewSchoolCardReportLoss.swift */; };
		7544D46C1D56EAEB00642A2E /* ViewEducationScore.swift in Sources */ = {isa = PBXBuildFile; fileRef = 7544D46B1D56EAEB00642A2E /* ViewEducationScore.swift */; };
		7544D46E1D56ED2400642A2E /* TableViewScore.swift in Sources */ = {isa = PBXBuildFile; fileRef = 7544D46D1D56ED2400642A2E /* TableViewScore.swift */; };
		754AE9181D7A9BDC00128384 /* AdView.m in Sources */ = {isa = PBXBuildFile; fileRef = 754AE9171D7A9BDC00128384 /* AdView.m */; };
		754AE91C1D7A9BF000128384 /* ZYBanner.m in Sources */ = {isa = PBXBuildFile; fileRef = 754AE91B1D7A9BF000128384 /* ZYBanner.m */; };
		754AE93F1D7A9C0A00128384 /* MKAnnotationView+WebCache.m in Sources */ = {isa = PBXBuildFile; fileRef = 754AE91F1D7A9C0A00128384 /* MKAnnotationView+WebCache.m */; };
		754AE9401D7A9C0A00128384 /* NSData+ImageContentType.m in Sources */ = {isa = PBXBuildFile; fileRef = 754AE9211D7A9C0A00128384 /* NSData+ImageContentType.m */; };
		754AE9411D7A9C0A00128384 /* SDImageCache.m in Sources */ = {isa = PBXBuildFile; fileRef = 754AE9231D7A9C0A00128384 /* SDImageCache.m */; };
		754AE9421D7A9C0A00128384 /* SDWebImageCompat.m in Sources */ = {isa = PBXBuildFile; fileRef = 754AE9251D7A9C0A00128384 /* SDWebImageCompat.m */; };
		754AE9431D7A9C0A00128384 /* SDWebImageDecoder.m in Sources */ = {isa = PBXBuildFile; fileRef = 754AE9271D7A9C0A00128384 /* SDWebImageDecoder.m */; };
		754AE9441D7A9C0A00128384 /* SDWebImageDownloader.m in Sources */ = {isa = PBXBuildFile; fileRef = 754AE9291D7A9C0A00128384 /* SDWebImageDownloader.m */; };
		754AE9451D7A9C0A00128384 /* SDWebImageDownloaderOperation.m in Sources */ = {isa = PBXBuildFile; fileRef = 754AE92B1D7A9C0A00128384 /* SDWebImageDownloaderOperation.m */; };
		754AE9461D7A9C0A00128384 /* SDWebImageManager.m in Sources */ = {isa = PBXBuildFile; fileRef = 754AE92D1D7A9C0A00128384 /* SDWebImageManager.m */; };
		754AE9471D7A9C0A00128384 /* SDWebImagePrefetcher.m in Sources */ = {isa = PBXBuildFile; fileRef = 754AE9301D7A9C0A00128384 /* SDWebImagePrefetcher.m */; };
		754AE9481D7A9C0A00128384 /* UIButton+WebCache.m in Sources */ = {isa = PBXBuildFile; fileRef = 754AE9321D7A9C0A00128384 /* UIButton+WebCache.m */; };
		754AE9491D7A9C0A00128384 /* UIImage+GIF.m in Sources */ = {isa = PBXBuildFile; fileRef = 754AE9341D7A9C0A00128384 /* UIImage+GIF.m */; };
		754AE94A1D7A9C0A00128384 /* UIImage+MultiFormat.m in Sources */ = {isa = PBXBuildFile; fileRef = 754AE9361D7A9C0A00128384 /* UIImage+MultiFormat.m */; };
		754AE94B1D7A9C0A00128384 /* UIImage+WebP.m in Sources */ = {isa = PBXBuildFile; fileRef = 754AE9381D7A9C0A00128384 /* UIImage+WebP.m */; };
		754AE94C1D7A9C0A00128384 /* UIImageView+HighlightedWebCache.m in Sources */ = {isa = PBXBuildFile; fileRef = 754AE93A1D7A9C0A00128384 /* UIImageView+HighlightedWebCache.m */; };
		754AE94D1D7A9C0A00128384 /* UIImageView+WebCache.m in Sources */ = {isa = PBXBuildFile; fileRef = 754AE93C1D7A9C0A00128384 /* UIImageView+WebCache.m */; };
		754AE94E1D7A9C0A00128384 /* UIView+WebCacheOperation.m in Sources */ = {isa = PBXBuildFile; fileRef = 754AE93E1D7A9C0A00128384 /* UIView+WebCacheOperation.m */; };
		754AE9511D7AA22400128384 /* placeHoder.jpg in Resources */ = {isa = PBXBuildFile; fileRef = 754AE9501D7AA22400128384 /* placeHoder.jpg */; };
		754AE9591D7AB20800128384 /* AdBar.swift in Sources */ = {isa = PBXBuildFile; fileRef = 754AE9581D7AB20800128384 /* AdBar.swift */; };
		7578EAFB1D52491600F0A538 /* SVIndefiniteAnimatedView.m in Sources */ = {isa = PBXBuildFile; fileRef = 7578EAF21D52491600F0A538 /* SVIndefiniteAnimatedView.m */; };
		7578EAFC1D52491600F0A538 /* SVProgressAnimatedView.m in Sources */ = {isa = PBXBuildFile; fileRef = 7578EAF41D52491600F0A538 /* SVProgressAnimatedView.m */; };
		7578EAFD1D52491600F0A538 /* SVProgressHUD.bundle in Resources */ = {isa = PBXBuildFile; fileRef = 7578EAF61D52491600F0A538 /* SVProgressHUD.bundle */; };
		7578EAFE1D52491600F0A538 /* SVProgressHUD.m in Sources */ = {isa = PBXBuildFile; fileRef = 7578EAF81D52491600F0A538 /* SVProgressHUD.m */; };
		7578EAFF1D52491600F0A538 /* SVRadialGradientLayer.m in Sources */ = {isa = PBXBuildFile; fileRef = 7578EAFA1D52491600F0A538 /* SVRadialGradientLayer.m */; };
		757BEB101D508B3900432695 /* NirKxMenu.m in Sources */ = {isa = PBXBuildFile; fileRef = 757BEB0F1D508B3900432695 /* NirKxMenu.m */; };
		757BEB121D51513E00432695 /* TableViewSchoolCard.swift in Sources */ = {isa = PBXBuildFile; fileRef = 757BEB111D51513E00432695 /* TableViewSchoolCard.swift */; };
		758B5D8C1D6C9DA5004314D7 /* libsqlite3.dylib in Frameworks */ = {isa = PBXBuildFile; fileRef = 75A70D4E1D6C9B300093DBEA /* libsqlite3.dylib */; };
		75985B2D1D46784600388278 /* rsa.c in Sources */ = {isa = PBXBuildFile; fileRef = 75985B2B1D46784600388278 /* rsa.c */; };
		75A0D51D1D572A2900E0C122 /* ViewEducationEmptyClassroom.swift in Sources */ = {isa = PBXBuildFile; fileRef = 75A0D51C1D572A2900E0C122 /* ViewEducationEmptyClassroom.swift */; };
		75A0D51F1D58266C00E0C122 /* TableViewEmptyClassroom.swift in Sources */ = {isa = PBXBuildFile; fileRef = 75A0D51E1D58266C00E0C122 /* TableViewEmptyClassroom.swift */; };
		75AB61BF1D6C86360047D4F4 /* ScheduleManage.swift in Sources */ = {isa = PBXBuildFile; fileRef = 75AB61BE1D6C86360047D4F4 /* ScheduleManage.swift */; };
		75AF0A4C1D6C91D900E755C2 /* FMDB.framework in Frameworks */ = {isa = PBXBuildFile; fileRef = 75AF0A491D6C91CD00E755C2 /* FMDB.framework */; };
		75B399691D55D263009C8951 /* libcrypto.a in Frameworks */ = {isa = PBXBuildFile; fileRef = 75B399611D55CD8F009C8951 /* libcrypto.a */; };
		75B3996A1D55D263009C8951 /* libssl.a in Frameworks */ = {isa = PBXBuildFile; fileRef = 75B399621D55CD8F009C8951 /* libssl.a */; };
		75BBB6351D6E756100568333 /* ViewCourseCell.swift in Sources */ = {isa = PBXBuildFile; fileRef = 75BBB6341D6E756100568333 /* ViewCourseCell.swift */; };
		75BBB6371D6E7A6E00568333 /* ViewControllerCourseDetail.swift in Sources */ = {isa = PBXBuildFile; fileRef = 75BBB6361D6E7A6E00568333 /* ViewControllerCourseDetail.swift */; };
		75BBB6391D6E7E2900568333 /* SchoolTime.swift in Sources */ = {isa = PBXBuildFile; fileRef = 75BBB6381D6E7E2900568333 /* SchoolTime.swift */; };
		75BBB63C1D6EE2A600568333 /* ViewCourseEditWeek.swift in Sources */ = {isa = PBXBuildFile; fileRef = 75BBB63B1D6EE2A600568333 /* ViewCourseEditWeek.swift */; };
		75C5485D1D7F244F00AECF5D /* ViewAbout.swift in Sources */ = {isa = PBXBuildFile; fileRef = 75C5485C1D7F244F00AECF5D /* ViewAbout.swift */; };
		75CC0CB21D63F4930002E113 /* QRCodeReader.swift in Sources */ = {isa = PBXBuildFile; fileRef = 75CC0CAB1D63F4930002E113 /* QRCodeReader.swift */; };
		75CC0CB31D63F4930002E113 /* QRCodeReaderResult.swift in Sources */ = {isa = PBXBuildFile; fileRef = 75CC0CAC1D63F4930002E113 /* QRCodeReaderResult.swift */; };
		75CC0CB41D63F4930002E113 /* QRCodeViewController.swift in Sources */ = {isa = PBXBuildFile; fileRef = 75CC0CAD1D63F4930002E113 /* QRCodeViewController.swift */; };
		75CC0CB51D63F4930002E113 /* QRCodeViewControllerBuilder.swift in Sources */ = {isa = PBXBuildFile; fileRef = 75CC0CAE1D63F4930002E113 /* QRCodeViewControllerBuilder.swift */; };
		75CC0CB61D63F4930002E113 /* ReaderOverlayView.swift in Sources */ = {isa = PBXBuildFile; fileRef = 75CC0CAF1D63F4930002E113 /* ReaderOverlayView.swift */; };
		75CC0CB71D63F4930002E113 /* SwitchCameraButton.swift in Sources */ = {isa = PBXBuildFile; fileRef = 75CC0CB01D63F4930002E113 /* SwitchCameraButton.swift */; };
		75CC0CB81D63F4930002E113 /* ToggleTorchButton.swift in Sources */ = {isa = PBXBuildFile; fileRef = 75CC0CB11D63F4930002E113 /* ToggleTorchButton.swift */; };
		75CC0CBA1D64110A0002E113 /* ViewLibraryStorageMain.swift in Sources */ = {isa = PBXBuildFile; fileRef = 75CC0CB91D64110A0002E113 /* ViewLibraryStorageMain.swift */; };
		75E0E4651D6349F300EBA91C /* iphone6sp.storyboard in Resources */ = {isa = PBXBuildFile; fileRef = 75E0E4641D6349F300EBA91C /* iphone6sp.storyboard */; };
		75F675EE1D490D58004164D0 /* EmptyClassroom.swift in Sources */ = {isa = PBXBuildFile; fileRef = 75F675ED1D490D58004164D0 /* EmptyClassroom.swift */; };
/* End PBXBuildFile section */

/* Begin PBXContainerItemProxy section */
		751C35C81D4354B500A26D45 /* PBXContainerItemProxy */ = {
			isa = PBXContainerItemProxy;
			containerPortal = 751C35AB1D4354B500A26D45 /* Project object */;
			proxyType = 1;
			remoteGlobalIDString = 751C35B21D4354B500A26D45;
			remoteInfo = isdust_ios;
		};
		751C35D31D4354B500A26D45 /* PBXContainerItemProxy */ = {
			isa = PBXContainerItemProxy;
			containerPortal = 751C35AB1D4354B500A26D45 /* Project object */;
			proxyType = 1;
			remoteGlobalIDString = 751C35B21D4354B500A26D45;
			remoteInfo = isdust_ios;
		};
		75AF0A401D6C91CD00E755C2 /* PBXContainerItemProxy */ = {
			isa = PBXContainerItemProxy;
			containerPortal = 75AF0A371D6C91CD00E755C2 /* fmdb.xcodeproj */;
			proxyType = 2;
			remoteGlobalIDString = 8DD76FA10486AA7600D96B5E;
			remoteInfo = fmdb;
		};
		75AF0A421D6C91CD00E755C2 /* PBXContainerItemProxy */ = {
			isa = PBXContainerItemProxy;
			containerPortal = 75AF0A371D6C91CD00E755C2 /* fmdb.xcodeproj */;
			proxyType = 2;
			remoteGlobalIDString = EE4290EF12B42F870088BD94;
			remoteInfo = FMDB;
		};
		75AF0A441D6C91CD00E755C2 /* PBXContainerItemProxy */ = {
			isa = PBXContainerItemProxy;
			containerPortal = 75AF0A371D6C91CD00E755C2 /* fmdb.xcodeproj */;
			proxyType = 2;
			remoteGlobalIDString = BF5D041618416BB2008C5AA9;
			remoteInfo = Tests;
		};
		75AF0A461D6C91CD00E755C2 /* PBXContainerItemProxy */ = {
			isa = PBXContainerItemProxy;
			containerPortal = 75AF0A371D6C91CD00E755C2 /* fmdb.xcodeproj */;
			proxyType = 2;
			remoteGlobalIDString = 6290CBB5188FE836009790F8;
			remoteInfo = "FMDB-IOS";
		};
		75AF0A481D6C91CD00E755C2 /* PBXContainerItemProxy */ = {
			isa = PBXContainerItemProxy;
			containerPortal = 75AF0A371D6C91CD00E755C2 /* fmdb.xcodeproj */;
			proxyType = 2;
			remoteGlobalIDString = 83C73EFE1C326AB000FFC730;
			remoteInfo = "FMDB iOS";
		};
		75AF0A4A1D6C91CD00E755C2 /* PBXContainerItemProxy */ = {
			isa = PBXContainerItemProxy;
			containerPortal = 75AF0A371D6C91CD00E755C2 /* fmdb.xcodeproj */;
			proxyType = 2;
			remoteGlobalIDString = 83C73F0B1C326ADA00FFC730;
			remoteInfo = "FMDB MacOS";
		};
/* End PBXContainerItemProxy section */

/* Begin PBXFileReference section */
		750829831D7033B700E05C80 /* ViewControllerCourseEdit.swift */ = {isa = PBXFileReference; fileEncoding = 4; lastKnownFileType = sourcecode.swift; path = ViewControllerCourseEdit.swift; sourceTree = "<group>"; };
		750829851D70A5EF00E05C80 /* ViewCourseEditJieci.swift */ = {isa = PBXFileReference; fileEncoding = 4; lastKnownFileType = sourcecode.swift; path = ViewCourseEditJieci.swift; sourceTree = "<group>"; };
		750A197A1D6955D9006E619E /* TableViewCellBorrowedBook.swift */ = {isa = PBXFileReference; fileEncoding = 4; lastKnownFileType = sourcecode.swift; path = TableViewCellBorrowedBook.swift; sourceTree = "<group>"; };
		750A197C1D6ABFAA006E619E /* ViewControllerEducationSchedule.swift */ = {isa = PBXFileReference; fileEncoding = 4; lastKnownFileType = sourcecode.swift; path = ViewControllerEducationSchedule.swift; sourceTree = "<group>"; };
		7512AC3F1D7CECE900683233 /* ViewWeb.swift */ = {isa = PBXFileReference; fileEncoding = 4; lastKnownFileType = sourcecode.swift; path = ViewWeb.swift; sourceTree = "<group>"; };
		7512AC481D7D7B8900683233 /* ViewSchoolLife.swift */ = {isa = PBXFileReference; fileEncoding = 4; lastKnownFileType = sourcecode.swift; path = ViewSchoolLife.swift; sourceTree = "<group>"; };
		7512AC501D7EA1EF00683233 /* Base.swift */ = {isa = PBXFileReference; fileEncoding = 4; lastKnownFileType = sourcecode.swift; path = Base.swift; sourceTree = "<group>"; };
		751C35B31D4354B500A26D45 /* isdust_ios.app */ = {isa = PBXFileReference; explicitFileType = wrapper.application; includeInIndex = 0; path = isdust_ios.app; sourceTree = BUILT_PRODUCTS_DIR; };
		751C35B61D4354B500A26D45 /* AppDelegate.swift */ = {isa = PBXFileReference; lastKnownFileType = sourcecode.swift; path = AppDelegate.swift; sourceTree = "<group>"; };
		751C35B81D4354B500A26D45 /* ViewMain.swift */ = {isa = PBXFileReference; lastKnownFileType = sourcecode.swift; path = ViewMain.swift; sourceTree = "<group>"; };
		751C35BB1D4354B500A26D45 /* Base */ = {isa = PBXFileReference; lastKnownFileType = file.storyboard; name = Base; path = Base.lproj/Main.storyboard; sourceTree = "<group>"; };
		751C35BD1D4354B500A26D45 /* Assets.xcassets */ = {isa = PBXFileReference; lastKnownFileType = folder.assetcatalog; path = Assets.xcassets; sourceTree = "<group>"; };
		751C35C01D4354B500A26D45 /* Base */ = {isa = PBXFileReference; lastKnownFileType = file.storyboard; name = Base; path = Base.lproj/LaunchScreen.storyboard; sourceTree = "<group>"; };
		751C35C21D4354B500A26D45 /* Info.plist */ = {isa = PBXFileReference; lastKnownFileType = text.plist.xml; path = Info.plist; sourceTree = "<group>"; };
		751C35C71D4354B500A26D45 /* isdust_iosTests.xctest */ = {isa = PBXFileReference; explicitFileType = wrapper.cfbundle; includeInIndex = 0; path = isdust_iosTests.xctest; sourceTree = BUILT_PRODUCTS_DIR; };
		751C35CB1D4354B500A26D45 /* isdust_iosTests.swift */ = {isa = PBXFileReference; lastKnownFileType = sourcecode.swift; path = isdust_iosTests.swift; sourceTree = "<group>"; };
		751C35CD1D4354B500A26D45 /* Info.plist */ = {isa = PBXFileReference; lastKnownFileType = text.plist.xml; path = Info.plist; sourceTree = "<group>"; };
		751C35D21D4354B500A26D45 /* isdust_iosUITests.xctest */ = {isa = PBXFileReference; explicitFileType = wrapper.cfbundle; includeInIndex = 0; path = isdust_iosUITests.xctest; sourceTree = BUILT_PRODUCTS_DIR; };
		751C35D61D4354B500A26D45 /* isdust_iosUITests.swift */ = {isa = PBXFileReference; lastKnownFileType = sourcecode.swift; path = isdust_iosUITests.swift; sourceTree = "<group>"; };
		751C35D81D4354B500A26D45 /* Info.plist */ = {isa = PBXFileReference; lastKnownFileType = text.plist.xml; path = Info.plist; sourceTree = "<group>"; };
		751C35E51D4354DF00A26D45 /* Http.h */ = {isa = PBXFileReference; lastKnownFileType = sourcecode.c.h; path = Http.h; sourceTree = "<group>"; };
		751C35E61D4354F500A26D45 /* isdust_ios-Bridging-Header.h */ = {isa = PBXFileReference; lastKnownFileType = sourcecode.c.h; path = "isdust_ios-Bridging-Header.h"; sourceTree = "<group>"; };
		751C35E71D4354F600A26D45 /* Http.m */ = {isa = PBXFileReference; fileEncoding = 4; lastKnownFileType = sourcecode.c.objc; path = Http.m; sourceTree = "<group>"; };
		751C35EA1D43551D00A26D45 /* Zhengfang.swift */ = {isa = PBXFileReference; fileEncoding = 4; lastKnownFileType = sourcecode.swift; path = Zhengfang.swift; sourceTree = "<group>"; };
		751C35ED1D44383900A26D45 /* DataType.swift */ = {isa = PBXFileReference; fileEncoding = 4; lastKnownFileType = sourcecode.swift; path = DataType.swift; sourceTree = "<group>"; };
		751C35EF1D4446E900A26D45 /* SchoolCard.swift */ = {isa = PBXFileReference; fileEncoding = 4; lastKnownFileType = sourcecode.swift; path = SchoolCard.swift; sourceTree = "<group>"; };
		751C36101D445FEC00A26D45 /* ImageProcess.swift */ = {isa = PBXFileReference; fileEncoding = 4; lastKnownFileType = sourcecode.swift; path = ImageProcess.swift; sourceTree = "<group>"; };
		7521C52D1D4A5CFB001E0CC0 /* Library.swift */ = {isa = PBXFileReference; fileEncoding = 4; lastKnownFileType = sourcecode.swift; path = Library.swift; sourceTree = "<group>"; };
		7521C5311D4AF459001E0CC0 /* SWXMLHash.h */ = {isa = PBXFileReference; fileEncoding = 4; lastKnownFileType = sourcecode.c.h; name = SWXMLHash.h; path = SWXMLHash/SWXMLHash.h; sourceTree = "<group>"; };
		7521C5321D4AF459001E0CC0 /* SWXMLHash.swift */ = {isa = PBXFileReference; fileEncoding = 4; lastKnownFileType = sourcecode.swift; name = SWXMLHash.swift; path = SWXMLHash/SWXMLHash.swift; sourceTree = "<group>"; };
		7521C5331D4AF459001E0CC0 /* SWXMLHash+TypeConversion.swift */ = {isa = PBXFileReference; fileEncoding = 4; lastKnownFileType = sourcecode.swift; name = "SWXMLHash+TypeConversion.swift"; path = "SWXMLHash/SWXMLHash+TypeConversion.swift"; sourceTree = "<group>"; };
		7521C53B1D4B3317001E0CC0 /* libcrypto.a */ = {isa = PBXFileReference; lastKnownFileType = archive.ar; name = libcrypto.a; path = isdust_ios/libcrypto.a; sourceTree = "<group>"; };
		7521C53D1D4B333A001E0CC0 /* libssl.a */ = {isa = PBXFileReference; lastKnownFileType = archive.ar; name = libssl.a; path = isdust_ios/libssl.a; sourceTree = "<group>"; };
		7521C5411D4D9D34001E0CC0 /* ViewSchoolCardMain.swift */ = {isa = PBXFileReference; fileEncoding = 4; lastKnownFileType = sourcecode.swift; path = ViewSchoolCardMain.swift; sourceTree = "<group>"; };
		7521C5431D4DA2ED001E0CC0 /* ViewLogin.swift */ = {isa = PBXFileReference; fileEncoding = 4; lastKnownFileType = sourcecode.swift; path = ViewLogin.swift; sourceTree = "<group>"; };
		752404DA1D80622500EAC659 /* ModuleCard.swift */ = {isa = PBXFileReference; fileEncoding = 4; lastKnownFileType = sourcecode.swift; path = ModuleCard.swift; sourceTree = "<group>"; };
		753B87A71D684BAD00A0218C /* TableViewCellLibrarySearch.swift */ = {isa = PBXFileReference; fileEncoding = 4; lastKnownFileType = sourcecode.swift; path = TableViewCellLibrarySearch.swift; sourceTree = "<group>"; };
		753B87A91D684D2B00A0218C /* TableViewControllerLibrarySearchResult.swift */ = {isa = PBXFileReference; fileEncoding = 4; lastKnownFileType = sourcecode.swift; path = TableViewControllerLibrarySearchResult.swift; sourceTree = "<group>"; };
		753B87AB1D6856F000A0218C /* TableViewCellStorageSearch.swift */ = {isa = PBXFileReference; fileEncoding = 4; lastKnownFileType = sourcecode.swift; path = TableViewCellStorageSearch.swift; sourceTree = "<group>"; };
		753B87AF1D68593400A0218C /* TableViewControllerSrorageSearchResult.swift */ = {isa = PBXFileReference; fileEncoding = 4; lastKnownFileType = sourcecode.swift; path = TableViewControllerSrorageSearchResult.swift; sourceTree = "<group>"; };
		753B87B71D694B5C00A0218C /* ViewControllerLibraryPersonal.swift */ = {isa = PBXFileReference; fileEncoding = 4; lastKnownFileType = sourcecode.swift; path = ViewControllerLibraryPersonal.swift; sourceTree = "<group>"; };
		753D62F51D75E43000253990 /* Http.swift */ = {isa = PBXFileReference; fileEncoding = 4; lastKnownFileType = sourcecode.swift; path = Http.swift; sourceTree = "<group>"; };
		754043D21D502DB800F6B957 /* libcrypto.a */ = {isa = PBXFileReference; lastKnownFileType = archive.ar; name = libcrypto.a; path = isdust_ios/openssl/arm/libcrypto.a; sourceTree = "<group>"; };
		754043D31D502DB800F6B957 /* libssl.a */ = {isa = PBXFileReference; lastKnownFileType = archive.ar; name = libssl.a; path = isdust_ios/openssl/arm/libssl.a; sourceTree = "<group>"; };
		754043DC1D50706D00F6B957 /* ViewSchoolCardChangePass.swift */ = {isa = PBXFileReference; fileEncoding = 4; lastKnownFileType = sourcecode.swift; path = ViewSchoolCardChangePass.swift; sourceTree = "<group>"; };
		7544D4651D55E46D00642A2E /* ViewNetwork.swift */ = {isa = PBXFileReference; fileEncoding = 4; lastKnownFileType = sourcecode.swift; path = ViewNetwork.swift; sourceTree = "<group>"; };
		7544D4671D56388200642A2E /* ViewSchoolCardReportLoss.swift */ = {isa = PBXFileReference; fileEncoding = 4; lastKnownFileType = sourcecode.swift; path = ViewSchoolCardReportLoss.swift; sourceTree = "<group>"; };
		7544D46B1D56EAEB00642A2E /* ViewEducationScore.swift */ = {isa = PBXFileReference; fileEncoding = 4; lastKnownFileType = sourcecode.swift; path = ViewEducationScore.swift; sourceTree = "<group>"; };
		7544D46D1D56ED2400642A2E /* TableViewScore.swift */ = {isa = PBXFileReference; fileEncoding = 4; lastKnownFileType = sourcecode.swift; path = TableViewScore.swift; sourceTree = "<group>"; };
		754AE9161D7A9BDC00128384 /* AdView.h */ = {isa = PBXFileReference; fileEncoding = 4; lastKnownFileType = sourcecode.c.h; name = AdView.h; path = AdView/AdView/AdView.h; sourceTree = "<group>"; };
		754AE9171D7A9BDC00128384 /* AdView.m */ = {isa = PBXFileReference; fileEncoding = 4; lastKnownFileType = sourcecode.c.objc; name = AdView.m; path = AdView/AdView/AdView.m; sourceTree = "<group>"; };
		754AE91A1D7A9BF000128384 /* ZYBanner.h */ = {isa = PBXFileReference; fileEncoding = 4; lastKnownFileType = sourcecode.c.h; name = ZYBanner.h; path = AdView/Model/ZYBanner.h; sourceTree = "<group>"; };
		754AE91B1D7A9BF000128384 /* ZYBanner.m */ = {isa = PBXFileReference; fileEncoding = 4; lastKnownFileType = sourcecode.c.objc; name = ZYBanner.m; path = AdView/Model/ZYBanner.m; sourceTree = "<group>"; };
		754AE91E1D7A9C0A00128384 /* MKAnnotationView+WebCache.h */ = {isa = PBXFileReference; fileEncoding = 4; lastKnownFileType = sourcecode.c.h; name = "MKAnnotationView+WebCache.h"; path = "AdView/SDWebImage/MKAnnotationView+WebCache.h"; sourceTree = "<group>"; };
		754AE91F1D7A9C0A00128384 /* MKAnnotationView+WebCache.m */ = {isa = PBXFileReference; fileEncoding = 4; lastKnownFileType = sourcecode.c.objc; name = "MKAnnotationView+WebCache.m"; path = "AdView/SDWebImage/MKAnnotationView+WebCache.m"; sourceTree = "<group>"; };
		754AE9201D7A9C0A00128384 /* NSData+ImageContentType.h */ = {isa = PBXFileReference; fileEncoding = 4; lastKnownFileType = sourcecode.c.h; name = "NSData+ImageContentType.h"; path = "AdView/SDWebImage/NSData+ImageContentType.h"; sourceTree = "<group>"; };
		754AE9211D7A9C0A00128384 /* NSData+ImageContentType.m */ = {isa = PBXFileReference; fileEncoding = 4; lastKnownFileType = sourcecode.c.objc; name = "NSData+ImageContentType.m"; path = "AdView/SDWebImage/NSData+ImageContentType.m"; sourceTree = "<group>"; };
		754AE9221D7A9C0A00128384 /* SDImageCache.h */ = {isa = PBXFileReference; fileEncoding = 4; lastKnownFileType = sourcecode.c.h; name = SDImageCache.h; path = AdView/SDWebImage/SDImageCache.h; sourceTree = "<group>"; };
		754AE9231D7A9C0A00128384 /* SDImageCache.m */ = {isa = PBXFileReference; fileEncoding = 4; lastKnownFileType = sourcecode.c.objc; name = SDImageCache.m; path = AdView/SDWebImage/SDImageCache.m; sourceTree = "<group>"; };
		754AE9241D7A9C0A00128384 /* SDWebImageCompat.h */ = {isa = PBXFileReference; fileEncoding = 4; lastKnownFileType = sourcecode.c.h; name = SDWebImageCompat.h; path = AdView/SDWebImage/SDWebImageCompat.h; sourceTree = "<group>"; };
		754AE9251D7A9C0A00128384 /* SDWebImageCompat.m */ = {isa = PBXFileReference; fileEncoding = 4; lastKnownFileType = sourcecode.c.objc; name = SDWebImageCompat.m; path = AdView/SDWebImage/SDWebImageCompat.m; sourceTree = "<group>"; };
		754AE9261D7A9C0A00128384 /* SDWebImageDecoder.h */ = {isa = PBXFileReference; fileEncoding = 4; lastKnownFileType = sourcecode.c.h; name = SDWebImageDecoder.h; path = AdView/SDWebImage/SDWebImageDecoder.h; sourceTree = "<group>"; };
		754AE9271D7A9C0A00128384 /* SDWebImageDecoder.m */ = {isa = PBXFileReference; fileEncoding = 4; lastKnownFileType = sourcecode.c.objc; name = SDWebImageDecoder.m; path = AdView/SDWebImage/SDWebImageDecoder.m; sourceTree = "<group>"; };
		754AE9281D7A9C0A00128384 /* SDWebImageDownloader.h */ = {isa = PBXFileReference; fileEncoding = 4; lastKnownFileType = sourcecode.c.h; name = SDWebImageDownloader.h; path = AdView/SDWebImage/SDWebImageDownloader.h; sourceTree = "<group>"; };
		754AE9291D7A9C0A00128384 /* SDWebImageDownloader.m */ = {isa = PBXFileReference; fileEncoding = 4; lastKnownFileType = sourcecode.c.objc; name = SDWebImageDownloader.m; path = AdView/SDWebImage/SDWebImageDownloader.m; sourceTree = "<group>"; };
		754AE92A1D7A9C0A00128384 /* SDWebImageDownloaderOperation.h */ = {isa = PBXFileReference; fileEncoding = 4; lastKnownFileType = sourcecode.c.h; name = SDWebImageDownloaderOperation.h; path = AdView/SDWebImage/SDWebImageDownloaderOperation.h; sourceTree = "<group>"; };
		754AE92B1D7A9C0A00128384 /* SDWebImageDownloaderOperation.m */ = {isa = PBXFileReference; fileEncoding = 4; lastKnownFileType = sourcecode.c.objc; name = SDWebImageDownloaderOperation.m; path = AdView/SDWebImage/SDWebImageDownloaderOperation.m; sourceTree = "<group>"; };
		754AE92C1D7A9C0A00128384 /* SDWebImageManager.h */ = {isa = PBXFileReference; fileEncoding = 4; lastKnownFileType = sourcecode.c.h; name = SDWebImageManager.h; path = AdView/SDWebImage/SDWebImageManager.h; sourceTree = "<group>"; };
		754AE92D1D7A9C0A00128384 /* SDWebImageManager.m */ = {isa = PBXFileReference; fileEncoding = 4; lastKnownFileType = sourcecode.c.objc; name = SDWebImageManager.m; path = AdView/SDWebImage/SDWebImageManager.m; sourceTree = "<group>"; };
		754AE92E1D7A9C0A00128384 /* SDWebImageOperation.h */ = {isa = PBXFileReference; fileEncoding = 4; lastKnownFileType = sourcecode.c.h; name = SDWebImageOperation.h; path = AdView/SDWebImage/SDWebImageOperation.h; sourceTree = "<group>"; };
		754AE92F1D7A9C0A00128384 /* SDWebImagePrefetcher.h */ = {isa = PBXFileReference; fileEncoding = 4; lastKnownFileType = sourcecode.c.h; name = SDWebImagePrefetcher.h; path = AdView/SDWebImage/SDWebImagePrefetcher.h; sourceTree = "<group>"; };
		754AE9301D7A9C0A00128384 /* SDWebImagePrefetcher.m */ = {isa = PBXFileReference; fileEncoding = 4; lastKnownFileType = sourcecode.c.objc; name = SDWebImagePrefetcher.m; path = AdView/SDWebImage/SDWebImagePrefetcher.m; sourceTree = "<group>"; };
		754AE9311D7A9C0A00128384 /* UIButton+WebCache.h */ = {isa = PBXFileReference; fileEncoding = 4; lastKnownFileType = sourcecode.c.h; name = "UIButton+WebCache.h"; path = "AdView/SDWebImage/UIButton+WebCache.h"; sourceTree = "<group>"; };
		754AE9321D7A9C0A00128384 /* UIButton+WebCache.m */ = {isa = PBXFileReference; fileEncoding = 4; lastKnownFileType = sourcecode.c.objc; name = "UIButton+WebCache.m"; path = "AdView/SDWebImage/UIButton+WebCache.m"; sourceTree = "<group>"; };
		754AE9331D7A9C0A00128384 /* UIImage+GIF.h */ = {isa = PBXFileReference; fileEncoding = 4; lastKnownFileType = sourcecode.c.h; name = "UIImage+GIF.h"; path = "AdView/SDWebImage/UIImage+GIF.h"; sourceTree = "<group>"; };
		754AE9341D7A9C0A00128384 /* UIImage+GIF.m */ = {isa = PBXFileReference; fileEncoding = 4; lastKnownFileType = sourcecode.c.objc; name = "UIImage+GIF.m"; path = "AdView/SDWebImage/UIImage+GIF.m"; sourceTree = "<group>"; };
		754AE9351D7A9C0A00128384 /* UIImage+MultiFormat.h */ = {isa = PBXFileReference; fileEncoding = 4; lastKnownFileType = sourcecode.c.h; name = "UIImage+MultiFormat.h"; path = "AdView/SDWebImage/UIImage+MultiFormat.h"; sourceTree = "<group>"; };
		754AE9361D7A9C0A00128384 /* UIImage+MultiFormat.m */ = {isa = PBXFileReference; fileEncoding = 4; lastKnownFileType = sourcecode.c.objc; name = "UIImage+MultiFormat.m"; path = "AdView/SDWebImage/UIImage+MultiFormat.m"; sourceTree = "<group>"; };
		754AE9371D7A9C0A00128384 /* UIImage+WebP.h */ = {isa = PBXFileReference; fileEncoding = 4; lastKnownFileType = sourcecode.c.h; name = "UIImage+WebP.h"; path = "AdView/SDWebImage/UIImage+WebP.h"; sourceTree = "<group>"; };
		754AE9381D7A9C0A00128384 /* UIImage+WebP.m */ = {isa = PBXFileReference; fileEncoding = 4; lastKnownFileType = sourcecode.c.objc; name = "UIImage+WebP.m"; path = "AdView/SDWebImage/UIImage+WebP.m"; sourceTree = "<group>"; };
		754AE9391D7A9C0A00128384 /* UIImageView+HighlightedWebCache.h */ = {isa = PBXFileReference; fileEncoding = 4; lastKnownFileType = sourcecode.c.h; name = "UIImageView+HighlightedWebCache.h"; path = "AdView/SDWebImage/UIImageView+HighlightedWebCache.h"; sourceTree = "<group>"; };
		754AE93A1D7A9C0A00128384 /* UIImageView+HighlightedWebCache.m */ = {isa = PBXFileReference; fileEncoding = 4; lastKnownFileType = sourcecode.c.objc; name = "UIImageView+HighlightedWebCache.m"; path = "AdView/SDWebImage/UIImageView+HighlightedWebCache.m"; sourceTree = "<group>"; };
		754AE93B1D7A9C0A00128384 /* UIImageView+WebCache.h */ = {isa = PBXFileReference; fileEncoding = 4; lastKnownFileType = sourcecode.c.h; name = "UIImageView+WebCache.h"; path = "AdView/SDWebImage/UIImageView+WebCache.h"; sourceTree = "<group>"; };
		754AE93C1D7A9C0A00128384 /* UIImageView+WebCache.m */ = {isa = PBXFileReference; fileEncoding = 4; lastKnownFileType = sourcecode.c.objc; name = "UIImageView+WebCache.m"; path = "AdView/SDWebImage/UIImageView+WebCache.m"; sourceTree = "<group>"; };
		754AE93D1D7A9C0A00128384 /* UIView+WebCacheOperation.h */ = {isa = PBXFileReference; fileEncoding = 4; lastKnownFileType = sourcecode.c.h; name = "UIView+WebCacheOperation.h"; path = "AdView/SDWebImage/UIView+WebCacheOperation.h"; sourceTree = "<group>"; };
		754AE93E1D7A9C0A00128384 /* UIView+WebCacheOperation.m */ = {isa = PBXFileReference; fileEncoding = 4; lastKnownFileType = sourcecode.c.objc; name = "UIView+WebCacheOperation.m"; path = "AdView/SDWebImage/UIView+WebCacheOperation.m"; sourceTree = "<group>"; };
		754AE9501D7AA22400128384 /* placeHoder.jpg */ = {isa = PBXFileReference; lastKnownFileType = image.jpeg; path = placeHoder.jpg; sourceTree = "<group>"; };
		754AE9581D7AB20800128384 /* AdBar.swift */ = {isa = PBXFileReference; fileEncoding = 4; lastKnownFileType = sourcecode.swift; path = AdBar.swift; sourceTree = "<group>"; };
		7578EAF11D52491600F0A538 /* SVIndefiniteAnimatedView.h */ = {isa = PBXFileReference; fileEncoding = 4; lastKnownFileType = sourcecode.c.h; name = SVIndefiniteAnimatedView.h; path = SVProgressHUD/SVIndefiniteAnimatedView.h; sourceTree = "<group>"; };
		7578EAF21D52491600F0A538 /* SVIndefiniteAnimatedView.m */ = {isa = PBXFileReference; fileEncoding = 4; lastKnownFileType = sourcecode.c.objc; name = SVIndefiniteAnimatedView.m; path = SVProgressHUD/SVIndefiniteAnimatedView.m; sourceTree = "<group>"; };
		7578EAF31D52491600F0A538 /* SVProgressAnimatedView.h */ = {isa = PBXFileReference; fileEncoding = 4; lastKnownFileType = sourcecode.c.h; name = SVProgressAnimatedView.h; path = SVProgressHUD/SVProgressAnimatedView.h; sourceTree = "<group>"; };
		7578EAF41D52491600F0A538 /* SVProgressAnimatedView.m */ = {isa = PBXFileReference; fileEncoding = 4; lastKnownFileType = sourcecode.c.objc; name = SVProgressAnimatedView.m; path = SVProgressHUD/SVProgressAnimatedView.m; sourceTree = "<group>"; };
		7578EAF51D52491600F0A538 /* SVProgressHUD-Prefix.pch */ = {isa = PBXFileReference; fileEncoding = 4; lastKnownFileType = sourcecode.c.h; name = "SVProgressHUD-Prefix.pch"; path = "SVProgressHUD/SVProgressHUD-Prefix.pch"; sourceTree = "<group>"; };
		7578EAF61D52491600F0A538 /* SVProgressHUD.bundle */ = {isa = PBXFileReference; lastKnownFileType = "wrapper.plug-in"; name = SVProgressHUD.bundle; path = SVProgressHUD/SVProgressHUD.bundle; sourceTree = "<group>"; };
		7578EAF71D52491600F0A538 /* SVProgressHUD.h */ = {isa = PBXFileReference; fileEncoding = 4; lastKnownFileType = sourcecode.c.h; name = SVProgressHUD.h; path = SVProgressHUD/SVProgressHUD.h; sourceTree = "<group>"; };
		7578EAF81D52491600F0A538 /* SVProgressHUD.m */ = {isa = PBXFileReference; fileEncoding = 4; lastKnownFileType = sourcecode.c.objc; name = SVProgressHUD.m; path = SVProgressHUD/SVProgressHUD.m; sourceTree = "<group>"; };
		7578EAF91D52491600F0A538 /* SVRadialGradientLayer.h */ = {isa = PBXFileReference; fileEncoding = 4; lastKnownFileType = sourcecode.c.h; name = SVRadialGradientLayer.h; path = SVProgressHUD/SVRadialGradientLayer.h; sourceTree = "<group>"; };
		7578EAFA1D52491600F0A538 /* SVRadialGradientLayer.m */ = {isa = PBXFileReference; fileEncoding = 4; lastKnownFileType = sourcecode.c.objc; name = SVRadialGradientLayer.m; path = SVProgressHUD/SVRadialGradientLayer.m; sourceTree = "<group>"; };
		757A54D21D6C8B7800884622 /* libsqlite3.tbd */ = {isa = PBXFileReference; lastKnownFileType = "sourcecode.text-based-dylib-definition"; name = libsqlite3.tbd; path = usr/lib/libsqlite3.tbd; sourceTree = SDKROOT; };
		757BEB0E1D508B3900432695 /* NirKxMenu.h */ = {isa = PBXFileReference; fileEncoding = 4; lastKnownFileType = sourcecode.c.h; name = NirKxMenu.h; path = NirKxMenu/NirKxMenu.h; sourceTree = "<group>"; };
		757BEB0F1D508B3900432695 /* NirKxMenu.m */ = {isa = PBXFileReference; fileEncoding = 4; lastKnownFileType = sourcecode.c.objc; name = NirKxMenu.m; path = NirKxMenu/NirKxMenu.m; sourceTree = "<group>"; };
		757BEB111D51513E00432695 /* TableViewSchoolCard.swift */ = {isa = PBXFileReference; fileEncoding = 4; lastKnownFileType = sourcecode.swift; path = TableViewSchoolCard.swift; sourceTree = "<group>"; };
		7591573A1D6C8B2800EF9023 /* libsqlite3.0.tbd */ = {isa = PBXFileReference; lastKnownFileType = "sourcecode.text-based-dylib-definition"; name = libsqlite3.0.tbd; path = usr/lib/libsqlite3.0.tbd; sourceTree = SDKROOT; };
		75985B2B1D46784600388278 /* rsa.c */ = {isa = PBXFileReference; fileEncoding = 4; lastKnownFileType = sourcecode.c.c; path = rsa.c; sourceTree = "<group>"; };
		75985B2C1D46784600388278 /* rsa.h */ = {isa = PBXFileReference; fileEncoding = 4; lastKnownFileType = sourcecode.c.h; path = rsa.h; sourceTree = "<group>"; };
		75A0D51C1D572A2900E0C122 /* ViewEducationEmptyClassroom.swift */ = {isa = PBXFileReference; fileEncoding = 4; lastKnownFileType = sourcecode.swift; path = ViewEducationEmptyClassroom.swift; sourceTree = "<group>"; };
		75A0D51E1D58266C00E0C122 /* TableViewEmptyClassroom.swift */ = {isa = PBXFileReference; fileEncoding = 4; lastKnownFileType = sourcecode.swift; path = TableViewEmptyClassroom.swift; sourceTree = "<group>"; };
		75A70D4E1D6C9B300093DBEA /* libsqlite3.dylib */ = {isa = PBXFileReference; lastKnownFileType = "compiled.mach-o.dylib"; name = libsqlite3.dylib; path = ../../../../usr/lib/libsqlite3.dylib; sourceTree = "<group>"; };
		75AB61BE1D6C86360047D4F4 /* ScheduleManage.swift */ = {isa = PBXFileReference; fileEncoding = 4; lastKnownFileType = sourcecode.swift; path = ScheduleManage.swift; sourceTree = "<group>"; };
		75AF0A371D6C91CD00E755C2 /* fmdb.xcodeproj */ = {isa = PBXFileReference; lastKnownFileType = "wrapper.pb-project"; name = fmdb.xcodeproj; path = isdust_ios/fmdb/fmdb.xcodeproj; sourceTree = "<group>"; };
		75B399611D55CD8F009C8951 /* libcrypto.a */ = {isa = PBXFileReference; lastKnownFileType = archive.ar; name = libcrypto.a; path = isdust_ios/openssl/x86/libcrypto.a; sourceTree = "<group>"; };
		75B399621D55CD8F009C8951 /* libssl.a */ = {isa = PBXFileReference; lastKnownFileType = archive.ar; name = libssl.a; path = isdust_ios/openssl/x86/libssl.a; sourceTree = "<group>"; };
		75BBB6341D6E756100568333 /* ViewCourseCell.swift */ = {isa = PBXFileReference; fileEncoding = 4; lastKnownFileType = sourcecode.swift; path = ViewCourseCell.swift; sourceTree = "<group>"; };
		75BBB6361D6E7A6E00568333 /* ViewControllerCourseDetail.swift */ = {isa = PBXFileReference; fileEncoding = 4; lastKnownFileType = sourcecode.swift; path = ViewControllerCourseDetail.swift; sourceTree = "<group>"; };
		75BBB6381D6E7E2900568333 /* SchoolTime.swift */ = {isa = PBXFileReference; fileEncoding = 4; lastKnownFileType = sourcecode.swift; path = SchoolTime.swift; sourceTree = "<group>"; };
		75BBB63B1D6EE2A600568333 /* ViewCourseEditWeek.swift */ = {isa = PBXFileReference; fileEncoding = 4; indentWidth = 5; lastKnownFileType = sourcecode.swift; path = ViewCourseEditWeek.swift; sourceTree = "<group>"; };
		75C5485C1D7F244F00AECF5D /* ViewAbout.swift */ = {isa = PBXFileReference; fileEncoding = 4; lastKnownFileType = sourcecode.swift; path = ViewAbout.swift; sourceTree = "<group>"; };
		75CC0CAB1D63F4930002E113 /* QRCodeReader.swift */ = {isa = PBXFileReference; fileEncoding = 4; lastKnownFileType = sourcecode.swift; name = QRCodeReader.swift; path = QRCodeReader/QRCodeReader.swift; sourceTree = "<group>"; };
		75CC0CAC1D63F4930002E113 /* QRCodeReaderResult.swift */ = {isa = PBXFileReference; fileEncoding = 4; lastKnownFileType = sourcecode.swift; name = QRCodeReaderResult.swift; path = QRCodeReader/QRCodeReaderResult.swift; sourceTree = "<group>"; };
		75CC0CAD1D63F4930002E113 /* QRCodeViewController.swift */ = {isa = PBXFileReference; fileEncoding = 4; lastKnownFileType = sourcecode.swift; name = QRCodeViewController.swift; path = QRCodeReader/QRCodeViewController.swift; sourceTree = "<group>"; };
		75CC0CAE1D63F4930002E113 /* QRCodeViewControllerBuilder.swift */ = {isa = PBXFileReference; fileEncoding = 4; lastKnownFileType = sourcecode.swift; name = QRCodeViewControllerBuilder.swift; path = QRCodeReader/QRCodeViewControllerBuilder.swift; sourceTree = "<group>"; };
		75CC0CAF1D63F4930002E113 /* ReaderOverlayView.swift */ = {isa = PBXFileReference; fileEncoding = 4; lastKnownFileType = sourcecode.swift; name = ReaderOverlayView.swift; path = QRCodeReader/ReaderOverlayView.swift; sourceTree = "<group>"; };
		75CC0CB01D63F4930002E113 /* SwitchCameraButton.swift */ = {isa = PBXFileReference; fileEncoding = 4; lastKnownFileType = sourcecode.swift; name = SwitchCameraButton.swift; path = QRCodeReader/SwitchCameraButton.swift; sourceTree = "<group>"; };
		75CC0CB11D63F4930002E113 /* ToggleTorchButton.swift */ = {isa = PBXFileReference; fileEncoding = 4; lastKnownFileType = sourcecode.swift; name = ToggleTorchButton.swift; path = QRCodeReader/ToggleTorchButton.swift; sourceTree = "<group>"; };
		75CC0CB91D64110A0002E113 /* ViewLibraryStorageMain.swift */ = {isa = PBXFileReference; fileEncoding = 4; lastKnownFileType = sourcecode.swift; path = ViewLibraryStorageMain.swift; sourceTree = "<group>"; };
		75E0E4641D6349F300EBA91C /* iphone6sp.storyboard */ = {isa = PBXFileReference; fileEncoding = 4; lastKnownFileType = file.storyboard; name = iphone6sp.storyboard; path = View/iphone6sp.storyboard; sourceTree = "<group>"; };
		75F675DC1D48FCB4004164D0 /* libcrypto.a */ = {isa = PBXFileReference; lastKnownFileType = archive.ar; name = libcrypto.a; path = lib/libcrypto.a; sourceTree = "<group>"; };
		75F675DE1D48FCE1004164D0 /* libssl.a */ = {isa = PBXFileReference; lastKnownFileType = archive.ar; name = libssl.a; path = lib/libssl.a; sourceTree = "<group>"; };
		75F675E01D49015F004164D0 /* libcrypto.a */ = {isa = PBXFileReference; lastKnownFileType = archive.ar; name = libcrypto.a; path = "../../OpenSSL-for-iPhone/lib/libcrypto.a"; sourceTree = "<group>"; };
		75F675E21D490173004164D0 /* libssl.a */ = {isa = PBXFileReference; lastKnownFileType = archive.ar; name = libssl.a; path = "../../OpenSSL-for-iPhone/lib/libssl.a"; sourceTree = "<group>"; };
		75F675E41D4902FC004164D0 /* libcrypto.a */ = {isa = PBXFileReference; lastKnownFileType = archive.ar; name = libcrypto.a; path = Platforms/iPhoneSimulator.platform/Developer/SDKs/iPhoneSimulator.sdk/lib/libcrypto.a; sourceTree = DEVELOPER_DIR; };
		75F675E51D4902FC004164D0 /* libssl.a */ = {isa = PBXFileReference; lastKnownFileType = archive.ar; name = libssl.a; path = Platforms/iPhoneSimulator.platform/Developer/SDKs/iPhoneSimulator.sdk/lib/libssl.a; sourceTree = DEVELOPER_DIR; };
		75F675E81D4903A4004164D0 /* libcrypto.a */ = {isa = PBXFileReference; lastKnownFileType = archive.ar; name = libcrypto.a; path = "../../OpenSSL-for-iPhone/bin/iPhoneSimulator9.3-x86_64.sdk/lib/libcrypto.a"; sourceTree = "<group>"; };
		75F675E91D4903A4004164D0 /* libssl.a */ = {isa = PBXFileReference; lastKnownFileType = archive.ar; name = libssl.a; path = "../../OpenSSL-for-iPhone/bin/iPhoneSimulator9.3-x86_64.sdk/lib/libssl.a"; sourceTree = "<group>"; };
		75F675EC1D4905F0004164D0 /* base64.h */ = {isa = PBXFileReference; fileEncoding = 4; lastKnownFileType = sourcecode.c.h; path = base64.h; sourceTree = "<group>"; };
		75F675ED1D490D58004164D0 /* EmptyClassroom.swift */ = {isa = PBXFileReference; fileEncoding = 4; lastKnownFileType = sourcecode.swift; path = EmptyClassroom.swift; sourceTree = "<group>"; };
		75F8A8B01D6C9AAC003B24CA /* fmdb.1 */ = {isa = PBXFileReference; lastKnownFileType = text.man; name = fmdb.1; path = isdust_ios/fmdb/fmdb.1; sourceTree = "<group>"; };
/* End PBXFileReference section */

/* Begin PBXFrameworksBuildPhase section */
		751C35B01D4354B500A26D45 /* Frameworks */ = {
			isa = PBXFrameworksBuildPhase;
			buildActionMask = 2147483647;
			files = (
				75AF0A4C1D6C91D900E755C2 /* FMDB.framework in Frameworks */,
				758B5D8C1D6C9DA5004314D7 /* libsqlite3.dylib in Frameworks */,
				75B399691D55D263009C8951 /* libcrypto.a in Frameworks */,
				75B3996A1D55D263009C8951 /* libssl.a in Frameworks */,
			);
			runOnlyForDeploymentPostprocessing = 0;
		};
		751C35C41D4354B500A26D45 /* Frameworks */ = {
			isa = PBXFrameworksBuildPhase;
			buildActionMask = 2147483647;
			files = (
			);
			runOnlyForDeploymentPostprocessing = 0;
		};
		751C35CF1D4354B500A26D45 /* Frameworks */ = {
			isa = PBXFrameworksBuildPhase;
			buildActionMask = 2147483647;
			files = (
			);
			runOnlyForDeploymentPostprocessing = 0;
		};
/* End PBXFrameworksBuildPhase section */

/* Begin PBXGroup section */
		751C35AA1D4354B500A26D45 = {
			isa = PBXGroup;
			children = (
				75AF0A371D6C91CD00E755C2 /* fmdb.xcodeproj */,
				751C35B51D4354B500A26D45 /* isdust_ios */,
				751C35CA1D4354B500A26D45 /* isdust_iosTests */,
				751C35D51D4354B500A26D45 /* isdust_iosUITests */,
				751C35B41D4354B500A26D45 /* Products */,
				75F675DB1D48FCB4004164D0 /* Frameworks */,
			);
			sourceTree = "<group>";
		};
		751C35B41D4354B500A26D45 /* Products */ = {
			isa = PBXGroup;
			children = (
				751C35B31D4354B500A26D45 /* isdust_ios.app */,
				751C35C71D4354B500A26D45 /* isdust_iosTests.xctest */,
				751C35D21D4354B500A26D45 /* isdust_iosUITests.xctest */,
			);
			name = Products;
			sourceTree = "<group>";
		};
		751C35B51D4354B500A26D45 /* isdust_ios */ = {
			isa = PBXGroup;
			children = (
				754AE9501D7AA22400128384 /* placeHoder.jpg */,
				7521C5381D4B321C001E0CC0 /* Controller */,
				7521C5371D4B31F5001E0CC0 /* View */,
				751C35E41D4354D000A26D45 /* System */,
				751C35B61D4354B500A26D45 /* AppDelegate.swift */,
				751C35BD1D4354B500A26D45 /* Assets.xcassets */,
				751C35BF1D4354B500A26D45 /* LaunchScreen.storyboard */,
				751C35C21D4354B500A26D45 /* Info.plist */,
			);
			path = isdust_ios;
			sourceTree = "<group>";
		};
		751C35CA1D4354B500A26D45 /* isdust_iosTests */ = {
			isa = PBXGroup;
			children = (
				751C35CB1D4354B500A26D45 /* isdust_iosTests.swift */,
				751C35CD1D4354B500A26D45 /* Info.plist */,
			);
			path = isdust_iosTests;
			sourceTree = "<group>";
		};
		751C35D51D4354B500A26D45 /* isdust_iosUITests */ = {
			isa = PBXGroup;
			children = (
				751C35D61D4354B500A26D45 /* isdust_iosUITests.swift */,
				751C35D81D4354B500A26D45 /* Info.plist */,
			);
			path = isdust_iosUITests;
			sourceTree = "<group>";
		};
		751C35E41D4354D000A26D45 /* System */ = {
			isa = PBXGroup;
			children = (
				7521C52F1D4AF444001E0CC0 /* Library */,
				751C35EC1D44382500A26D45 /* Data */,
				751C35E91D43551000A26D45 /* Module */,
			);
			name = System;
			sourceTree = "<group>";
		};
		751C35E91D43551000A26D45 /* Module */ = {
			isa = PBXGroup;
			children = (
				751C35E51D4354DF00A26D45 /* Http.h */,
				75F675EC1D4905F0004164D0 /* base64.h */,
				751C35E61D4354F500A26D45 /* isdust_ios-Bridging-Header.h */,
				75985B2B1D46784600388278 /* rsa.c */,
				75985B2C1D46784600388278 /* rsa.h */,
				751C35EA1D43551D00A26D45 /* Zhengfang.swift */,
				751C35EF1D4446E900A26D45 /* SchoolCard.swift */,
				751C36101D445FEC00A26D45 /* ImageProcess.swift */,
				75F675ED1D490D58004164D0 /* EmptyClassroom.swift */,
				7521C52D1D4A5CFB001E0CC0 /* Library.swift */,
				75AB61BE1D6C86360047D4F4 /* ScheduleManage.swift */,
				75BBB6381D6E7E2900568333 /* SchoolTime.swift */,
				751C35E71D4354F600A26D45 /* Http.m */,
				753D62F51D75E43000253990 /* Http.swift */,
				7512AC501D7EA1EF00683233 /* Base.swift */,
			);
			name = Module;
			sourceTree = "<group>";
		};
		751C35EC1D44382500A26D45 /* Data */ = {
			isa = PBXGroup;
			children = (
				751C35ED1D44383900A26D45 /* DataType.swift */,
			);
			name = Data;
			sourceTree = "<group>";
		};
		7521C52F1D4AF444001E0CC0 /* Library */ = {
			isa = PBXGroup;
			children = (
				754AE90E1D7A9B1100128384 /* AdView */,
				75CC0CAA1D63F2FE0002E113 /* QRCodeReader */,
				7578EAF01D52490700F0A538 /* SVProgressHUD */,
				757BEB0D1D508B1F00432695 /* NirKxMenu */,
				7521C5301D4AF44D001E0CC0 /* SWXMLHash */,
			);
			name = Library;
			sourceTree = "<group>";
		};
		7521C5301D4AF44D001E0CC0 /* SWXMLHash */ = {
			isa = PBXGroup;
			children = (
				7521C5311D4AF459001E0CC0 /* SWXMLHash.h */,
				7521C5321D4AF459001E0CC0 /* SWXMLHash.swift */,
				7521C5331D4AF459001E0CC0 /* SWXMLHash+TypeConversion.swift */,
			);
			name = SWXMLHash;
			sourceTree = "<group>";
		};
		7521C5371D4B31F5001E0CC0 /* View */ = {
			isa = PBXGroup;
			children = (
				751C35BA1D4354B500A26D45 /* Main.storyboard */,
				75E0E4641D6349F300EBA91C /* iphone6sp.storyboard */,
			);
			name = View;
			sourceTree = "<group>";
		};
		7521C5381D4B321C001E0CC0 /* Controller */ = {
			isa = PBXGroup;
			children = (
				7512AC481D7D7B8900683233 /* ViewSchoolLife.swift */,
				75C5485C1D7F244F00AECF5D /* ViewAbout.swift */,
				752404D91D80611900EAC659 /* Main */,
				753B87A61D684B0A00A0218C /* Library */,
				753B87A51D684AF300A0218C /* Education */,
				753B87A41D684AD500A0218C /* SchoolCard */,
				7521C5431D4DA2ED001E0CC0 /* ViewLogin.swift */,
				7544D4651D55E46D00642A2E /* ViewNetwork.swift */,
				7512AC3F1D7CECE900683233 /* ViewWeb.swift */,
			);
			name = Controller;
			sourceTree = "<group>";
		};
		752404D91D80611900EAC659 /* Main */ = {
			isa = PBXGroup;
			children = (
				751C35B81D4354B500A26D45 /* ViewMain.swift */,
				754AE9581D7AB20800128384 /* AdBar.swift */,
				752404DA1D80622500EAC659 /* ModuleCard.swift */,
			);
			name = Main;
			sourceTree = "<group>";
		};
		753B87A41D684AD500A0218C /* SchoolCard */ = {
			isa = PBXGroup;
			children = (
				7521C5411D4D9D34001E0CC0 /* ViewSchoolCardMain.swift */,
				757BEB111D51513E00432695 /* TableViewSchoolCard.swift */,
				7544D4671D56388200642A2E /* ViewSchoolCardReportLoss.swift */,
				754043DC1D50706D00F6B957 /* ViewSchoolCardChangePass.swift */,
			);
			name = SchoolCard;
			sourceTree = "<group>";
		};
		753B87A51D684AF300A0218C /* Education */ = {
			isa = PBXGroup;
			children = (
				75BBB62D1D6E736B00568333 /* Schedule */,
				7544D46B1D56EAEB00642A2E /* ViewEducationScore.swift */,
				7544D46D1D56ED2400642A2E /* TableViewScore.swift */,
				75A0D51C1D572A2900E0C122 /* ViewEducationEmptyClassroom.swift */,
				75A0D51E1D58266C00E0C122 /* TableViewEmptyClassroom.swift */,
			);
			name = Education;
			sourceTree = "<group>";
		};
		753B87A61D684B0A00A0218C /* Library */ = {
			isa = PBXGroup;
			children = (
				75CC0CB91D64110A0002E113 /* ViewLibraryStorageMain.swift */,
				753B87A71D684BAD00A0218C /* TableViewCellLibrarySearch.swift */,
				753B87A91D684D2B00A0218C /* TableViewControllerLibrarySearchResult.swift */,
				753B87AB1D6856F000A0218C /* TableViewCellStorageSearch.swift */,
				753B87AF1D68593400A0218C /* TableViewControllerSrorageSearchResult.swift */,
				753B87B71D694B5C00A0218C /* ViewControllerLibraryPersonal.swift */,
				750A197A1D6955D9006E619E /* TableViewCellBorrowedBook.swift */,
			);
			name = Library;
			sourceTree = "<group>";
		};
		754AE90E1D7A9B1100128384 /* AdView */ = {
			isa = PBXGroup;
			children = (
				754AE91D1D7A9BFD00128384 /* SDWebImage */,
				754AE9191D7A9BE500128384 /* Model */,
				754AE9151D7A9BCE00128384 /* AdView */,
			);
			name = AdView;
			sourceTree = "<group>";
		};
		754AE9151D7A9BCE00128384 /* AdView */ = {
			isa = PBXGroup;
			children = (
				754AE9161D7A9BDC00128384 /* AdView.h */,
				754AE9171D7A9BDC00128384 /* AdView.m */,
			);
			name = AdView;
			sourceTree = "<group>";
		};
		754AE9191D7A9BE500128384 /* Model */ = {
			isa = PBXGroup;
			children = (
				754AE91A1D7A9BF000128384 /* ZYBanner.h */,
				754AE91B1D7A9BF000128384 /* ZYBanner.m */,
			);
			name = Model;
			sourceTree = "<group>";
		};
		754AE91D1D7A9BFD00128384 /* SDWebImage */ = {
			isa = PBXGroup;
			children = (
				754AE91E1D7A9C0A00128384 /* MKAnnotationView+WebCache.h */,
				754AE91F1D7A9C0A00128384 /* MKAnnotationView+WebCache.m */,
				754AE9201D7A9C0A00128384 /* NSData+ImageContentType.h */,
				754AE9211D7A9C0A00128384 /* NSData+ImageContentType.m */,
				754AE9221D7A9C0A00128384 /* SDImageCache.h */,
				754AE9231D7A9C0A00128384 /* SDImageCache.m */,
				754AE9241D7A9C0A00128384 /* SDWebImageCompat.h */,
				754AE9251D7A9C0A00128384 /* SDWebImageCompat.m */,
				754AE9261D7A9C0A00128384 /* SDWebImageDecoder.h */,
				754AE9271D7A9C0A00128384 /* SDWebImageDecoder.m */,
				754AE9281D7A9C0A00128384 /* SDWebImageDownloader.h */,
				754AE9291D7A9C0A00128384 /* SDWebImageDownloader.m */,
				754AE92A1D7A9C0A00128384 /* SDWebImageDownloaderOperation.h */,
				754AE92B1D7A9C0A00128384 /* SDWebImageDownloaderOperation.m */,
				754AE92C1D7A9C0A00128384 /* SDWebImageManager.h */,
				754AE92D1D7A9C0A00128384 /* SDWebImageManager.m */,
				754AE92E1D7A9C0A00128384 /* SDWebImageOperation.h */,
				754AE92F1D7A9C0A00128384 /* SDWebImagePrefetcher.h */,
				754AE9301D7A9C0A00128384 /* SDWebImagePrefetcher.m */,
				754AE9311D7A9C0A00128384 /* UIButton+WebCache.h */,
				754AE9321D7A9C0A00128384 /* UIButton+WebCache.m */,
				754AE9331D7A9C0A00128384 /* UIImage+GIF.h */,
				754AE9341D7A9C0A00128384 /* UIImage+GIF.m */,
				754AE9351D7A9C0A00128384 /* UIImage+MultiFormat.h */,
				754AE9361D7A9C0A00128384 /* UIImage+MultiFormat.m */,
				754AE9371D7A9C0A00128384 /* UIImage+WebP.h */,
				754AE9381D7A9C0A00128384 /* UIImage+WebP.m */,
				754AE9391D7A9C0A00128384 /* UIImageView+HighlightedWebCache.h */,
				754AE93A1D7A9C0A00128384 /* UIImageView+HighlightedWebCache.m */,
				754AE93B1D7A9C0A00128384 /* UIImageView+WebCache.h */,
				754AE93C1D7A9C0A00128384 /* UIImageView+WebCache.m */,
				754AE93D1D7A9C0A00128384 /* UIView+WebCacheOperation.h */,
				754AE93E1D7A9C0A00128384 /* UIView+WebCacheOperation.m */,
			);
			name = SDWebImage;
			sourceTree = "<group>";
		};
		7578EAF01D52490700F0A538 /* SVProgressHUD */ = {
			isa = PBXGroup;
			children = (
				7578EAF11D52491600F0A538 /* SVIndefiniteAnimatedView.h */,
				7578EAF21D52491600F0A538 /* SVIndefiniteAnimatedView.m */,
				7578EAF31D52491600F0A538 /* SVProgressAnimatedView.h */,
				7578EAF41D52491600F0A538 /* SVProgressAnimatedView.m */,
				7578EAF51D52491600F0A538 /* SVProgressHUD-Prefix.pch */,
				7578EAF61D52491600F0A538 /* SVProgressHUD.bundle */,
				7578EAF71D52491600F0A538 /* SVProgressHUD.h */,
				7578EAF81D52491600F0A538 /* SVProgressHUD.m */,
				7578EAF91D52491600F0A538 /* SVRadialGradientLayer.h */,
				7578EAFA1D52491600F0A538 /* SVRadialGradientLayer.m */,
			);
			name = SVProgressHUD;
			sourceTree = "<group>";
		};
		757BEB0D1D508B1F00432695 /* NirKxMenu */ = {
			isa = PBXGroup;
			children = (
				757BEB0E1D508B3900432695 /* NirKxMenu.h */,
				757BEB0F1D508B3900432695 /* NirKxMenu.m */,
			);
			name = NirKxMenu;
			sourceTree = "<group>";
		};
		75AF0A381D6C91CD00E755C2 /* Products */ = {
			isa = PBXGroup;
			children = (
				75AF0A411D6C91CD00E755C2 /* fmdb */,
				75AF0A431D6C91CD00E755C2 /* libFMDB.a */,
				75AF0A451D6C91CD00E755C2 /* Tests.xctest */,
				75AF0A471D6C91CD00E755C2 /* libFMDB-IOS.a */,
				75AF0A491D6C91CD00E755C2 /* FMDB.framework */,
				75AF0A4B1D6C91CD00E755C2 /* FMDB.framework */,
			);
			name = Products;
			sourceTree = "<group>";
		};
		75BBB62D1D6E736B00568333 /* Schedule */ = {
			isa = PBXGroup;
			children = (
				750A197C1D6ABFAA006E619E /* ViewControllerEducationSchedule.swift */,
				75BBB6341D6E756100568333 /* ViewCourseCell.swift */,
				75BBB6361D6E7A6E00568333 /* ViewControllerCourseDetail.swift */,
				75BBB63B1D6EE2A600568333 /* ViewCourseEditWeek.swift */,
				750829851D70A5EF00E05C80 /* ViewCourseEditJieci.swift */,
				750829831D7033B700E05C80 /* ViewControllerCourseEdit.swift */,
			);
			name = Schedule;
			sourceTree = "<group>";
		};
		75CC0CAA1D63F2FE0002E113 /* QRCodeReader */ = {
			isa = PBXGroup;
			children = (
				75CC0CAB1D63F4930002E113 /* QRCodeReader.swift */,
				75CC0CAC1D63F4930002E113 /* QRCodeReaderResult.swift */,
				75CC0CAD1D63F4930002E113 /* QRCodeViewController.swift */,
				75CC0CAE1D63F4930002E113 /* QRCodeViewControllerBuilder.swift */,
				75CC0CAF1D63F4930002E113 /* ReaderOverlayView.swift */,
				75CC0CB01D63F4930002E113 /* SwitchCameraButton.swift */,
				75CC0CB11D63F4930002E113 /* ToggleTorchButton.swift */,
			);
			name = QRCodeReader;
			sourceTree = "<group>";
		};
		75F675DB1D48FCB4004164D0 /* Frameworks */ = {
			isa = PBXGroup;
			children = (
				75A70D4E1D6C9B300093DBEA /* libsqlite3.dylib */,
				75F8A8B01D6C9AAC003B24CA /* fmdb.1 */,
				757A54D21D6C8B7800884622 /* libsqlite3.tbd */,
				7591573A1D6C8B2800EF9023 /* libsqlite3.0.tbd */,
				75B399611D55CD8F009C8951 /* libcrypto.a */,
				75B399621D55CD8F009C8951 /* libssl.a */,
				754043D21D502DB800F6B957 /* libcrypto.a */,
				754043D31D502DB800F6B957 /* libssl.a */,
				7521C53D1D4B333A001E0CC0 /* libssl.a */,
				7521C53B1D4B3317001E0CC0 /* libcrypto.a */,
				75F675E81D4903A4004164D0 /* libcrypto.a */,
				75F675E91D4903A4004164D0 /* libssl.a */,
				75F675E41D4902FC004164D0 /* libcrypto.a */,
				75F675E51D4902FC004164D0 /* libssl.a */,
				75F675E21D490173004164D0 /* libssl.a */,
				75F675E01D49015F004164D0 /* libcrypto.a */,
				75F675DE1D48FCE1004164D0 /* libssl.a */,
				75F675DC1D48FCB4004164D0 /* libcrypto.a */,
			);
			name = Frameworks;
			sourceTree = "<group>";
		};
/* End PBXGroup section */

/* Begin PBXNativeTarget section */
		751C35B21D4354B500A26D45 /* isdust_ios */ = {
			isa = PBXNativeTarget;
			buildConfigurationList = 751C35DB1D4354B500A26D45 /* Build configuration list for PBXNativeTarget "isdust_ios" */;
			buildPhases = (
				751C35AF1D4354B500A26D45 /* Sources */,
				751C35B01D4354B500A26D45 /* Frameworks */,
				751C35B11D4354B500A26D45 /* Resources */,
			);
			buildRules = (
			);
			dependencies = (
			);
			name = isdust_ios;
			productName = isdust_ios;
			productReference = 751C35B31D4354B500A26D45 /* isdust_ios.app */;
			productType = "com.apple.product-type.application";
		};
		751C35C61D4354B500A26D45 /* isdust_iosTests */ = {
			isa = PBXNativeTarget;
			buildConfigurationList = 751C35DE1D4354B500A26D45 /* Build configuration list for PBXNativeTarget "isdust_iosTests" */;
			buildPhases = (
				751C35C31D4354B500A26D45 /* Sources */,
				751C35C41D4354B500A26D45 /* Frameworks */,
				751C35C51D4354B500A26D45 /* Resources */,
			);
			buildRules = (
			);
			dependencies = (
				751C35C91D4354B500A26D45 /* PBXTargetDependency */,
			);
			name = isdust_iosTests;
			productName = isdust_iosTests;
			productReference = 751C35C71D4354B500A26D45 /* isdust_iosTests.xctest */;
			productType = "com.apple.product-type.bundle.unit-test";
		};
		751C35D11D4354B500A26D45 /* isdust_iosUITests */ = {
			isa = PBXNativeTarget;
			buildConfigurationList = 751C35E11D4354B500A26D45 /* Build configuration list for PBXNativeTarget "isdust_iosUITests" */;
			buildPhases = (
				751C35CE1D4354B500A26D45 /* Sources */,
				751C35CF1D4354B500A26D45 /* Frameworks */,
				751C35D01D4354B500A26D45 /* Resources */,
			);
			buildRules = (
			);
			dependencies = (
				751C35D41D4354B500A26D45 /* PBXTargetDependency */,
			);
			name = isdust_iosUITests;
			productName = isdust_iosUITests;
			productReference = 751C35D21D4354B500A26D45 /* isdust_iosUITests.xctest */;
			productType = "com.apple.product-type.bundle.ui-testing";
		};
/* End PBXNativeTarget section */

/* Begin PBXProject section */
		751C35AB1D4354B500A26D45 /* Project object */ = {
			isa = PBXProject;
			attributes = {
				LastSwiftUpdateCheck = 0730;
				LastUpgradeCheck = 0730;
				ORGANIZATIONNAME = isdust;
				TargetAttributes = {
					751C35B21D4354B500A26D45 = {
						CreatedOnToolsVersion = 7.3.1;
						DevelopmentTeam = 526JMJ27M9;
						DevelopmentTeamName = "Ziqiang Wang";
						LastSwiftMigration = 0800;
						ProvisioningStyle = Automatic;
					};
					751C35C61D4354B500A26D45 = {
						CreatedOnToolsVersion = 7.3.1;
						DevelopmentTeam = 26E6MT4ZVS;
						LastSwiftMigration = 0800;
						TestTargetID = 751C35B21D4354B500A26D45;
					};
					751C35D11D4354B500A26D45 = {
						CreatedOnToolsVersion = 7.3.1;
						DevelopmentTeam = 26E6MT4ZVS;
						LastSwiftMigration = 0800;
						TestTargetID = 751C35B21D4354B500A26D45;
					};
				};
			};
			buildConfigurationList = 751C35AE1D4354B500A26D45 /* Build configuration list for PBXProject "isdust_ios" */;
			compatibilityVersion = "Xcode 3.2";
			developmentRegion = English;
			hasScannedForEncodings = 0;
			knownRegions = (
				en,
				Base,
			);
			mainGroup = 751C35AA1D4354B500A26D45;
			productRefGroup = 751C35B41D4354B500A26D45 /* Products */;
			projectDirPath = "";
			projectReferences = (
				{
					ProductGroup = 75AF0A381D6C91CD00E755C2 /* Products */;
					ProjectRef = 75AF0A371D6C91CD00E755C2 /* fmdb.xcodeproj */;
				},
			);
			projectRoot = "";
			targets = (
				751C35B21D4354B500A26D45 /* isdust_ios */,
				751C35C61D4354B500A26D45 /* isdust_iosTests */,
				751C35D11D4354B500A26D45 /* isdust_iosUITests */,
			);
		};
/* End PBXProject section */

/* Begin PBXReferenceProxy section */
		75AF0A411D6C91CD00E755C2 /* fmdb */ = {
			isa = PBXReferenceProxy;
			fileType = "compiled.mach-o.executable";
			path = fmdb;
			remoteRef = 75AF0A401D6C91CD00E755C2 /* PBXContainerItemProxy */;
			sourceTree = BUILT_PRODUCTS_DIR;
		};
		75AF0A431D6C91CD00E755C2 /* libFMDB.a */ = {
			isa = PBXReferenceProxy;
			fileType = archive.ar;
			path = libFMDB.a;
			remoteRef = 75AF0A421D6C91CD00E755C2 /* PBXContainerItemProxy */;
			sourceTree = BUILT_PRODUCTS_DIR;
		};
		75AF0A451D6C91CD00E755C2 /* Tests.xctest */ = {
			isa = PBXReferenceProxy;
			fileType = wrapper.cfbundle;
			path = Tests.xctest;
			remoteRef = 75AF0A441D6C91CD00E755C2 /* PBXContainerItemProxy */;
			sourceTree = BUILT_PRODUCTS_DIR;
		};
		75AF0A471D6C91CD00E755C2 /* libFMDB-IOS.a */ = {
			isa = PBXReferenceProxy;
			fileType = archive.ar;
			path = "libFMDB-IOS.a";
			remoteRef = 75AF0A461D6C91CD00E755C2 /* PBXContainerItemProxy */;
			sourceTree = BUILT_PRODUCTS_DIR;
		};
		75AF0A491D6C91CD00E755C2 /* FMDB.framework */ = {
			isa = PBXReferenceProxy;
			fileType = wrapper.framework;
			path = FMDB.framework;
			remoteRef = 75AF0A481D6C91CD00E755C2 /* PBXContainerItemProxy */;
			sourceTree = BUILT_PRODUCTS_DIR;
		};
		75AF0A4B1D6C91CD00E755C2 /* FMDB.framework */ = {
			isa = PBXReferenceProxy;
			fileType = wrapper.framework;
			path = FMDB.framework;
			remoteRef = 75AF0A4A1D6C91CD00E755C2 /* PBXContainerItemProxy */;
			sourceTree = BUILT_PRODUCTS_DIR;
		};
/* End PBXReferenceProxy section */

/* Begin PBXResourcesBuildPhase section */
		751C35B11D4354B500A26D45 /* Resources */ = {
			isa = PBXResourcesBuildPhase;
			buildActionMask = 2147483647;
			files = (
				754AE9511D7AA22400128384 /* placeHoder.jpg in Resources */,
				751C35C11D4354B500A26D45 /* LaunchScreen.storyboard in Resources */,
				751C35BE1D4354B500A26D45 /* Assets.xcassets in Resources */,
				75E0E4651D6349F300EBA91C /* iphone6sp.storyboard in Resources */,
				751C35BC1D4354B500A26D45 /* Main.storyboard in Resources */,
				7578EAFD1D52491600F0A538 /* SVProgressHUD.bundle in Resources */,
			);
			runOnlyForDeploymentPostprocessing = 0;
		};
		751C35C51D4354B500A26D45 /* Resources */ = {
			isa = PBXResourcesBuildPhase;
			buildActionMask = 2147483647;
			files = (
			);
			runOnlyForDeploymentPostprocessing = 0;
		};
		751C35D01D4354B500A26D45 /* Resources */ = {
			isa = PBXResourcesBuildPhase;
			buildActionMask = 2147483647;
			files = (
			);
			runOnlyForDeploymentPostprocessing = 0;
		};
/* End PBXResourcesBuildPhase section */

/* Begin PBXSourcesBuildPhase section */
		751C35AF1D4354B500A26D45 /* Sources */ = {
			isa = PBXSourcesBuildPhase;
			buildActionMask = 2147483647;
			files = (
				754AE9591D7AB20800128384 /* AdBar.swift in Sources */,
				750829841D7033B700E05C80 /* ViewControllerCourseEdit.swift in Sources */,
				75CC0CB51D63F4930002E113 /* QRCodeViewControllerBuilder.swift in Sources */,
				75BBB63C1D6EE2A600568333 /* ViewCourseEditWeek.swift in Sources */,
				751C35B91D4354B500A26D45 /* ViewMain.swift in Sources */,
				751C35F01D4446E900A26D45 /* SchoolCard.swift in Sources */,
				7544D46E1D56ED2400642A2E /* TableViewScore.swift in Sources */,
				754AE9451D7A9C0A00128384 /* SDWebImageDownloaderOperation.m in Sources */,
				754AE94E1D7A9C0A00128384 /* UIView+WebCacheOperation.m in Sources */,
				754AE9481D7A9C0A00128384 /* UIButton+WebCache.m in Sources */,
				75A0D51D1D572A2900E0C122 /* ViewEducationEmptyClassroom.swift in Sources */,
				753B87B81D694B5C00A0218C /* ViewControllerLibraryPersonal.swift in Sources */,
				75CC0CB81D63F4930002E113 /* ToggleTorchButton.swift in Sources */,
				7521C5341D4AF459001E0CC0 /* SWXMLHash.swift in Sources */,
				754AE9421D7A9C0A00128384 /* SDWebImageCompat.m in Sources */,
				754AE9441D7A9C0A00128384 /* SDWebImageDownloader.m in Sources */,
				754AE9401D7A9C0A00128384 /* NSData+ImageContentType.m in Sources */,
				75CC0CB61D63F4930002E113 /* ReaderOverlayView.swift in Sources */,
				75AB61BF1D6C86360047D4F4 /* ScheduleManage.swift in Sources */,
				7521C5421D4D9D34001E0CC0 /* ViewSchoolCardMain.swift in Sources */,
				75CC0CB71D63F4930002E113 /* SwitchCameraButton.swift in Sources */,
				754AE94C1D7A9C0A00128384 /* UIImageView+HighlightedWebCache.m in Sources */,
				75C5485D1D7F244F00AECF5D /* ViewAbout.swift in Sources */,
				753B87AA1D684D2B00A0218C /* TableViewControllerLibrarySearchResult.swift in Sources */,
				750A197D1D6ABFAA006E619E /* ViewControllerEducationSchedule.swift in Sources */,
				751C36111D445FEC00A26D45 /* ImageProcess.swift in Sources */,
				754AE93F1D7A9C0A00128384 /* MKAnnotationView+WebCache.m in Sources */,
				75F675EE1D490D58004164D0 /* EmptyClassroom.swift in Sources */,
				7544D4681D56388200642A2E /* ViewSchoolCardReportLoss.swift in Sources */,
				754AE9431D7A9C0A00128384 /* SDWebImageDecoder.m in Sources */,
				754AE9461D7A9C0A00128384 /* SDWebImageManager.m in Sources */,
				754AE9181D7A9BDC00128384 /* AdView.m in Sources */,
				754AE91C1D7A9BF000128384 /* ZYBanner.m in Sources */,
				752404DB1D80622500EAC659 /* ModuleCard.swift in Sources */,
				751C35EE1D44383900A26D45 /* DataType.swift in Sources */,
				7544D46C1D56EAEB00642A2E /* ViewEducationScore.swift in Sources */,
				7578EAFF1D52491600F0A538 /* SVRadialGradientLayer.m in Sources */,
				757BEB101D508B3900432695 /* NirKxMenu.m in Sources */,
				75A0D51F1D58266C00E0C122 /* TableViewEmptyClassroom.swift in Sources */,
				750829861D70A5EF00E05C80 /* ViewCourseEditJieci.swift in Sources */,
				753B87A81D684BAD00A0218C /* TableViewCellLibrarySearch.swift in Sources */,
				757BEB121D51513E00432695 /* TableViewSchoolCard.swift in Sources */,
				754AE94D1D7A9C0A00128384 /* UIImageView+WebCache.m in Sources */,
				75CC0CB31D63F4930002E113 /* QRCodeReaderResult.swift in Sources */,
				75BBB6391D6E7E2900568333 /* SchoolTime.swift in Sources */,
				750A197B1D6955D9006E619E /* TableViewCellBorrowedBook.swift in Sources */,
				7512AC511D7EA1EF00683233 /* Base.swift in Sources */,
				75985B2D1D46784600388278 /* rsa.c in Sources */,
				7578EAFC1D52491600F0A538 /* SVProgressAnimatedView.m in Sources */,
				754AE9491D7A9C0A00128384 /* UIImage+GIF.m in Sources */,
				7512AC401D7CECE900683233 /* ViewWeb.swift in Sources */,
				754AE94B1D7A9C0A00128384 /* UIImage+WebP.m in Sources */,
				7521C5441D4DA2ED001E0CC0 /* ViewLogin.swift in Sources */,
				7578EAFB1D52491600F0A538 /* SVIndefiniteAnimatedView.m in Sources */,
				7521C5351D4AF459001E0CC0 /* SWXMLHash+TypeConversion.swift in Sources */,
				75CC0CBA1D64110A0002E113 /* ViewLibraryStorageMain.swift in Sources */,
				7544D4661D55E46D00642A2E /* ViewNetwork.swift in Sources */,
				75BBB6351D6E756100568333 /* ViewCourseCell.swift in Sources */,
				75BBB6371D6E7A6E00568333 /* ViewControllerCourseDetail.swift in Sources */,
				751C35B71D4354B500A26D45 /* AppDelegate.swift in Sources */,
				754043DD1D50706D00F6B957 /* ViewSchoolCardChangePass.swift in Sources */,
				7512AC491D7D7B8900683233 /* ViewSchoolLife.swift in Sources */,
				754AE94A1D7A9C0A00128384 /* UIImage+MultiFormat.m in Sources */,
				7521C52E1D4A5CFB001E0CC0 /* Library.swift in Sources */,
				7578EAFE1D52491600F0A538 /* SVProgressHUD.m in Sources */,
				753B87AC1D6856F000A0218C /* TableViewCellStorageSearch.swift in Sources */,
				753D62F61D75E43000253990 /* Http.swift in Sources */,
				754AE9471D7A9C0A00128384 /* SDWebImagePrefetcher.m in Sources */,
				751C35EB1D43551D00A26D45 /* Zhengfang.swift in Sources */,
				75CC0CB41D63F4930002E113 /* QRCodeViewController.swift in Sources */,
				75CC0CB21D63F4930002E113 /* QRCodeReader.swift in Sources */,
				753B87B01D68593400A0218C /* TableViewControllerSrorageSearchResult.swift in Sources */,
				751C35E81D4354F600A26D45 /* Http.m in Sources */,
				754AE9411D7A9C0A00128384 /* SDImageCache.m in Sources */,
			);
			runOnlyForDeploymentPostprocessing = 0;
		};
		751C35C31D4354B500A26D45 /* Sources */ = {
			isa = PBXSourcesBuildPhase;
			buildActionMask = 2147483647;
			files = (
				751C35CC1D4354B500A26D45 /* isdust_iosTests.swift in Sources */,
			);
			runOnlyForDeploymentPostprocessing = 0;
		};
		751C35CE1D4354B500A26D45 /* Sources */ = {
			isa = PBXSourcesBuildPhase;
			buildActionMask = 2147483647;
			files = (
				751C35D71D4354B500A26D45 /* isdust_iosUITests.swift in Sources */,
			);
			runOnlyForDeploymentPostprocessing = 0;
		};
/* End PBXSourcesBuildPhase section */

/* Begin PBXTargetDependency section */
		751C35C91D4354B500A26D45 /* PBXTargetDependency */ = {
			isa = PBXTargetDependency;
			target = 751C35B21D4354B500A26D45 /* isdust_ios */;
			targetProxy = 751C35C81D4354B500A26D45 /* PBXContainerItemProxy */;
		};
		751C35D41D4354B500A26D45 /* PBXTargetDependency */ = {
			isa = PBXTargetDependency;
			target = 751C35B21D4354B500A26D45 /* isdust_ios */;
			targetProxy = 751C35D31D4354B500A26D45 /* PBXContainerItemProxy */;
		};
/* End PBXTargetDependency section */

/* Begin PBXVariantGroup section */
		751C35BA1D4354B500A26D45 /* Main.storyboard */ = {
			isa = PBXVariantGroup;
			children = (
				751C35BB1D4354B500A26D45 /* Base */,
			);
			name = Main.storyboard;
			sourceTree = "<group>";
		};
		751C35BF1D4354B500A26D45 /* LaunchScreen.storyboard */ = {
			isa = PBXVariantGroup;
			children = (
				751C35C01D4354B500A26D45 /* Base */,
			);
			name = LaunchScreen.storyboard;
			sourceTree = "<group>";
		};
/* End PBXVariantGroup section */

/* Begin XCBuildConfiguration section */
		751C35D91D4354B500A26D45 /* Debug */ = {
			isa = XCBuildConfiguration;
			buildSettings = {
				ALWAYS_SEARCH_USER_PATHS = NO;
				CLANG_ANALYZER_NONNULL = YES;
				CLANG_CXX_LANGUAGE_STANDARD = "gnu++0x";
				CLANG_CXX_LIBRARY = "libc++";
				CLANG_ENABLE_MODULES = YES;
				CLANG_ENABLE_OBJC_ARC = YES;
				CLANG_WARN_BOOL_CONVERSION = YES;
				CLANG_WARN_CONSTANT_CONVERSION = YES;
				CLANG_WARN_DIRECT_OBJC_ISA_USAGE = YES_ERROR;
				CLANG_WARN_EMPTY_BODY = YES;
				CLANG_WARN_ENUM_CONVERSION = YES;
				CLANG_WARN_INT_CONVERSION = YES;
				CLANG_WARN_OBJC_ROOT_CLASS = YES_ERROR;
				CLANG_WARN_UNREACHABLE_CODE = YES;
				CLANG_WARN__DUPLICATE_METHOD_MATCH = YES;
				"CODE_SIGN_IDENTITY[sdk=iphoneos*]" = "iPhone Developer";
				COPY_PHASE_STRIP = NO;
				DEBUG_INFORMATION_FORMAT = dwarf;
				ENABLE_STRICT_OBJC_MSGSEND = YES;
				ENABLE_TESTABILITY = YES;
				GCC_C_LANGUAGE_STANDARD = gnu99;
				GCC_DYNAMIC_NO_PIC = NO;
				GCC_NO_COMMON_BLOCKS = YES;
				GCC_OPTIMIZATION_LEVEL = 0;
				GCC_PREPROCESSOR_DEFINITIONS = (
					"DEBUG=1",
					"$(inherited)",
				);
				GCC_WARN_64_TO_32_BIT_CONVERSION = YES;
				GCC_WARN_ABOUT_RETURN_TYPE = YES_ERROR;
				GCC_WARN_UNDECLARED_SELECTOR = YES;
				GCC_WARN_UNINITIALIZED_AUTOS = YES_AGGRESSIVE;
				GCC_WARN_UNUSED_FUNCTION = YES;
				GCC_WARN_UNUSED_VARIABLE = YES;
				IPHONEOS_DEPLOYMENT_TARGET = 10.0;
				MTL_ENABLE_DEBUG_INFO = YES;
				ONLY_ACTIVE_ARCH = YES;
				SDKROOT = iphoneos;
				SWIFT_OPTIMIZATION_LEVEL = "-Onone";
			};
			name = Debug;
		};
		751C35DA1D4354B500A26D45 /* Release */ = {
			isa = XCBuildConfiguration;
			buildSettings = {
				ALWAYS_SEARCH_USER_PATHS = NO;
				CLANG_ANALYZER_NONNULL = YES;
				CLANG_CXX_LANGUAGE_STANDARD = "gnu++0x";
				CLANG_CXX_LIBRARY = "libc++";
				CLANG_ENABLE_MODULES = YES;
				CLANG_ENABLE_OBJC_ARC = YES;
				CLANG_WARN_BOOL_CONVERSION = YES;
				CLANG_WARN_CONSTANT_CONVERSION = YES;
				CLANG_WARN_DIRECT_OBJC_ISA_USAGE = YES_ERROR;
				CLANG_WARN_EMPTY_BODY = YES;
				CLANG_WARN_ENUM_CONVERSION = YES;
				CLANG_WARN_INT_CONVERSION = YES;
				CLANG_WARN_OBJC_ROOT_CLASS = YES_ERROR;
				CLANG_WARN_UNREACHABLE_CODE = YES;
				CLANG_WARN__DUPLICATE_METHOD_MATCH = YES;
				"CODE_SIGN_IDENTITY[sdk=iphoneos*]" = "iPhone Developer";
				COPY_PHASE_STRIP = NO;
				DEBUG_INFORMATION_FORMAT = "dwarf-with-dsym";
				ENABLE_NS_ASSERTIONS = NO;
				ENABLE_STRICT_OBJC_MSGSEND = YES;
				GCC_C_LANGUAGE_STANDARD = gnu99;
				GCC_NO_COMMON_BLOCKS = YES;
				GCC_WARN_64_TO_32_BIT_CONVERSION = YES;
				GCC_WARN_ABOUT_RETURN_TYPE = YES_ERROR;
				GCC_WARN_UNDECLARED_SELECTOR = YES;
				GCC_WARN_UNINITIALIZED_AUTOS = YES_AGGRESSIVE;
				GCC_WARN_UNUSED_FUNCTION = YES;
				GCC_WARN_UNUSED_VARIABLE = YES;
				IPHONEOS_DEPLOYMENT_TARGET = 10.0;
				MTL_ENABLE_DEBUG_INFO = NO;
				ONLY_ACTIVE_ARCH = NO;
				SDKROOT = iphoneos;
				VALIDATE_PRODUCT = YES;
			};
			name = Release;
		};
		751C35DC1D4354B500A26D45 /* Debug */ = {
			isa = XCBuildConfiguration;
			buildSettings = {
				ALWAYS_SEARCH_USER_PATHS = YES;
				ASSETCATALOG_COMPILER_APPICON_NAME = AppIcon;
				CLANG_ENABLE_MODULES = YES;
				"CODE_SIGN_IDENTITY[sdk=iphoneos*]" = "iPhone Developer";
				ENABLE_BITCODE = NO;
				"HEADER_SEARCH_PATHS[arch=*]" = "/Users/wzq/项目/isdust_ios/isdust_ios/include/**";
				INFOPLIST_FILE = isdust_ios/Info.plist;
				IPHONEOS_DEPLOYMENT_TARGET = 10.0;
				LD_RUNPATH_SEARCH_PATHS = "$(inherited) @executable_path/Frameworks";
				LIBRARY_SEARCH_PATHS = (
					"$(inherited)",
					"$(PROJECT_DIR)/lib",
					"$(PROJECT_DIR)/isdust_ios",
					"$(PROJECT_DIR)/isdust_ios/openssl/arm",
					"$(PROJECT_DIR)/isdust_ios/openssl/x86",
				);
				PRODUCT_BUNDLE_IDENTIFIER = com.isdust.ios;
				PRODUCT_NAME = "$(TARGET_NAME)";
				SWIFT_OBJC_BRIDGING_HEADER = "isdust_ios/isdust_ios-Bridging-Header.h";
				SWIFT_OPTIMIZATION_LEVEL = "-Onone";
				SWIFT_VERSION = 3.0;
			};
			name = Debug;
		};
		751C35DD1D4354B500A26D45 /* Release */ = {
			isa = XCBuildConfiguration;
			buildSettings = {
				ALWAYS_SEARCH_USER_PATHS = YES;
				ASSETCATALOG_COMPILER_APPICON_NAME = AppIcon;
				CLANG_ENABLE_MODULES = YES;
				"CODE_SIGN_IDENTITY[sdk=iphoneos*]" = "iPhone Developer";
				ENABLE_BITCODE = NO;
				"HEADER_SEARCH_PATHS[arch=*]" = "/Users/wzq/项目/isdust_ios/isdust_ios/include";
				INFOPLIST_FILE = isdust_ios/Info.plist;
				IPHONEOS_DEPLOYMENT_TARGET = 10.0;
				LD_RUNPATH_SEARCH_PATHS = "$(inherited) @executable_path/Frameworks";
				LIBRARY_SEARCH_PATHS = (
					"$(inherited)",
					"$(PROJECT_DIR)/lib",
					"$(PROJECT_DIR)/isdust_ios",
					"$(PROJECT_DIR)/isdust_ios/openssl/arm",
					"$(PROJECT_DIR)/isdust_ios/openssl/x86",
				);
				PRODUCT_BUNDLE_IDENTIFIER = com.isdust.ios;
				PRODUCT_NAME = "$(TARGET_NAME)";
				SWIFT_OBJC_BRIDGING_HEADER = "isdust_ios/isdust_ios-Bridging-Header.h";
				SWIFT_VERSION = 3.0;
			};
			name = Release;
		};
		751C35DF1D4354B500A26D45 /* Debug */ = {
			isa = XCBuildConfiguration;
			buildSettings = {
				BUNDLE_LOADER = "$(TEST_HOST)";
				INFOPLIST_FILE = isdust_iosTests/Info.plist;
				LD_RUNPATH_SEARCH_PATHS = "$(inherited) @executable_path/Frameworks @loader_path/Frameworks";
				PRODUCT_BUNDLE_IDENTIFIER = "com.isdust-iosTests";
				PRODUCT_NAME = "$(TARGET_NAME)";
				SWIFT_VERSION = 3.0;
				TEST_HOST = "$(BUILT_PRODUCTS_DIR)/isdust_ios.app/isdust_ios";
			};
			name = Debug;
		};
		751C35E01D4354B500A26D45 /* Release */ = {
			isa = XCBuildConfiguration;
			buildSettings = {
				BUNDLE_LOADER = "$(TEST_HOST)";
				INFOPLIST_FILE = isdust_iosTests/Info.plist;
				LD_RUNPATH_SEARCH_PATHS = "$(inherited) @executable_path/Frameworks @loader_path/Frameworks";
				PRODUCT_BUNDLE_IDENTIFIER = "com.isdust-iosTests";
				PRODUCT_NAME = "$(TARGET_NAME)";
				SWIFT_VERSION = 3.0;
				TEST_HOST = "$(BUILT_PRODUCTS_DIR)/isdust_ios.app/isdust_ios";
			};
			name = Release;
		};
		751C35E21D4354B500A26D45 /* Debug */ = {
			isa = XCBuildConfiguration;
			buildSettings = {
				INFOPLIST_FILE = isdust_iosUITests/Info.plist;
				LD_RUNPATH_SEARCH_PATHS = "$(inherited) @executable_path/Frameworks @loader_path/Frameworks";
				PRODUCT_BUNDLE_IDENTIFIER = "com.isdust-iosUITests";
				PRODUCT_NAME = "$(TARGET_NAME)";
				SWIFT_VERSION = 3.0;
				TEST_TARGET_NAME = isdust_ios;
			};
			name = Debug;
		};
		751C35E31D4354B500A26D45 /* Release */ = {
			isa = XCBuildConfiguration;
			buildSettings = {
				INFOPLIST_FILE = isdust_iosUITests/Info.plist;
				LD_RUNPATH_SEARCH_PATHS = "$(inherited) @executable_path/Frameworks @loader_path/Frameworks";
				PRODUCT_BUNDLE_IDENTIFIER = "com.isdust-iosUITests";
				PRODUCT_NAME = "$(TARGET_NAME)";
				SWIFT_VERSION = 3.0;
				TEST_TARGET_NAME = isdust_ios;
			};
			name = Release;
		};
/* End XCBuildConfiguration section */

/* Begin XCConfigurationList section */
		751C35AE1D4354B500A26D45 /* Build configuration list for PBXProject "isdust_ios" */ = {
			isa = XCConfigurationList;
			buildConfigurations = (
				751C35D91D4354B500A26D45 /* Debug */,
				751C35DA1D4354B500A26D45 /* Release */,
			);
			defaultConfigurationIsVisible = 0;
			defaultConfigurationName = Release;
		};
		751C35DB1D4354B500A26D45 /* Build configuration list for PBXNativeTarget "isdust_ios" */ = {
			isa = XCConfigurationList;
			buildConfigurations = (
				751C35DC1D4354B500A26D45 /* Debug */,
				751C35DD1D4354B500A26D45 /* Release */,
			);
			defaultConfigurationIsVisible = 0;
			defaultConfigurationName = Release;
		};
		751C35DE1D4354B500A26D45 /* Build configuration list for PBXNativeTarget "isdust_iosTests" */ = {
			isa = XCConfigurationList;
			buildConfigurations = (
				751C35DF1D4354B500A26D45 /* Debug */,
				751C35E01D4354B500A26D45 /* Release */,
			);
			defaultConfigurationIsVisible = 0;
			defaultConfigurationName = Release;
		};
		751C35E11D4354B500A26D45 /* Build configuration list for PBXNativeTarget "isdust_iosUITests" */ = {
			isa = XCConfigurationList;
			buildConfigurations = (
				751C35E21D4354B500A26D45 /* Debug */,
				751C35E31D4354B500A26D45 /* Release */,
			);
			defaultConfigurationIsVisible = 0;
			defaultConfigurationName = Release;
		};
/* End XCConfigurationList section */
	};
	rootObject = 751C35AB1D4354B500A26D45 /* Project object */;
}
